Microsoft Visual Studio Solution File, Format Version 9.00
# Visual Studio 2005
Project("{c0626ad7-3496-47a7-be31-0f5897a7fda5}") = "RavlAAM", "RavlAAM.vcproj", "{d5402573-f62d-44ee-af9b-0722ede9f660}"
	ProjectSection(ProjectDependencies) = postProject 
		{b461dcbb-3fc0-4910-b0b4-02b8607746f6} = {b461dcbb-3fc0-4910-b0b4-02b8607746f6}
		{52b0634a-45e2-43fc-901b-e46bff7a16c4} = {52b0634a-45e2-43fc-901b-e46bff7a16c4}
		{b690bbdf-fc9c-4280-89aa-db8af57a093a} = {b690bbdf-fc9c-4280-89aa-db8af57a093a}
		{b035e994-e85a-47ca-b629-16a72eabcf2d} = {b035e994-e85a-47ca-b629-16a72eabcf2d}
		{c347a832-eb36-446b-a6b5-3ee27a11a3ab} = {c347a832-eb36-446b-a6b5-3ee27a11a3ab}
		{4106388b-0b1f-412d-88de-910a7ccdacb3} = {4106388b-0b1f-412d-88de-910a7ccdacb3}
		{7814f18d-2f8b-489c-b30d-2a3b868ed7c9} = {7814f18d-2f8b-489c-b30d-2a3b868ed7c9}
		{1fd2248c-2857-404f-b8c8-bbe7089b469e} = {1fd2248c-2857-404f-b8c8-bbe7089b469e}
		{c4f0a3fd-c5e5-4c16-a217-0683ca7b1a9b} = {c4f0a3fd-c5e5-4c16-a217-0683ca7b1a9b}
	EndProjectSection
EndProject
Project("{c0626ad7-3496-47a7-be31-0f5897a7fda5}") = "RavlVPlay", "RavlVPlay.vcproj", "{07701d4b-2495-402e-8474-4205da13c19f}"
	ProjectSection(ProjectDependencies) = postProject 
		{b461dcbb-3fc0-4910-b0b4-02b8607746f6} = {b461dcbb-3fc0-4910-b0b4-02b8607746f6}
		{c347a832-eb36-446b-a6b5-3ee27a11a3ab} = {c347a832-eb36-446b-a6b5-3ee27a11a3ab}
		{52b0634a-45e2-43fc-901b-e46bff7a16c4} = {52b0634a-45e2-43fc-901b-e46bff7a16c4}
		{9273b67f-e56d-4411-8b3a-74eaec0013eb} = {9273b67f-e56d-4411-8b3a-74eaec0013eb}
		{52c0cbe7-eb98-4a7b-8704-e792da504387} = {52c0cbe7-eb98-4a7b-8704-e792da504387}
		{cbea3c37-5c14-482c-8ef1-4bd798a6916b} = {cbea3c37-5c14-482c-8ef1-4bd798a6916b}
		{a68f0d8b-a18a-408c-95e9-f7c80f204949} = {a68f0d8b-a18a-408c-95e9-f7c80f204949}
		{2b84c2e0-88bb-4f52-bc59-ed9481cd35be} = {2b84c2e0-88bb-4f52-bc59-ed9481cd35be}
	EndProjectSection
EndProject
Project("{c0626ad7-3496-47a7-be31-0f5897a7fda5}") = "RavlImageIO", "RavlImageIO.vcproj", "{8bb3cdda-bf23-40e2-8fad-54eb073f5e05}"
	ProjectSection(ProjectDependencies) = postProject 
		{b461dcbb-3fc0-4910-b0b4-02b8607746f6} = {b461dcbb-3fc0-4910-b0b4-02b8607746f6}
		{1fd2248c-2857-404f-b8c8-bbe7089b469e} = {1fd2248c-2857-404f-b8c8-bbe7089b469e}
		{52b0634a-45e2-43fc-901b-e46bff7a16c4} = {52b0634a-45e2-43fc-901b-e46bff7a16c4}
	EndProjectSection
EndProject
Project("{c0626ad7-3496-47a7-be31-0f5897a7fda5}") = "fann", "fann.vcproj", "{02d33961-08a2-466a-866f-583df35c88b3}"
	ProjectSection(ProjectDependencies) = postProject 
		{b461dcbb-3fc0-4910-b0b4-02b8607746f6} = {b461dcbb-3fc0-4910-b0b4-02b8607746f6}
	EndProjectSection
EndProject
Project("{c0626ad7-3496-47a7-be31-0f5897a7fda5}") = "ccmath", "ccmath.vcproj", "{9cd57e62-0e09-445f-91d2-970d139e5fe4}"
	ProjectSection(ProjectDependencies) = postProject 
		{b461dcbb-3fc0-4910-b0b4-02b8607746f6} = {b461dcbb-3fc0-4910-b0b4-02b8607746f6}
	EndProjectSection
EndProject
Project("{c0626ad7-3496-47a7-be31-0f5897a7fda5}") = "RavlGUIGnome", "RavlGUIGnome.vcproj", "{42c0a634-c5cd-49fd-a96f-819f39ec1948}"
	ProjectSection(ProjectDependencies) = postProject 
		{52c0cbe7-eb98-4a7b-8704-e792da504387} = {52c0cbe7-eb98-4a7b-8704-e792da504387}
	EndProjectSection
EndProject
Project("{c0626ad7-3496-47a7-be31-0f5897a7fda5}") = "RavlLibFFmpeg", "RavlLibFFmpeg.vcproj", "{00e59048-42ac-4f7b-a67e-00329fe2fa2d}"
	ProjectSection(ProjectDependencies) = postProject 
		{52b0634a-45e2-43fc-901b-e46bff7a16c4} = {52b0634a-45e2-43fc-901b-e46bff7a16c4}
		{1fd2248c-2857-404f-b8c8-bbe7089b469e} = {1fd2248c-2857-404f-b8c8-bbe7089b469e}
		{a1f5bfec-65f2-4ade-a7f9-09a9aac8db92} = {a1f5bfec-65f2-4ade-a7f9-09a9aac8db92}
	EndProjectSection
EndProject
Project("{c0626ad7-3496-47a7-be31-0f5897a7fda5}") = "RavlAudioFeatures", "RavlAudioFeatures.vcproj", "{967c4c8d-bb10-42f1-a416-a7dcae95fcac}"
	ProjectSection(ProjectDependencies) = postProject 
		{e8a8726a-b0b2-4904-86ed-f3e2ab86704e} = {e8a8726a-b0b2-4904-86ed-f3e2ab86704e}
		{b035e994-e85a-47ca-b629-16a72eabcf2d} = {b035e994-e85a-47ca-b629-16a72eabcf2d}
		{c347a832-eb36-446b-a6b5-3ee27a11a3ab} = {c347a832-eb36-446b-a6b5-3ee27a11a3ab}
		{a68f39ee-fdf2-4015-a4ac-78b49908dd81} = {a68f39ee-fdf2-4015-a4ac-78b49908dd81}
	EndProjectSection
EndProject
Project("{c0626ad7-3496-47a7-be31-0f5897a7fda5}") = "RavlCore", "RavlCore.vcproj", "{b461dcbb-3fc0-4910-b0b4-02b8607746f6}"
	ProjectSection(ProjectDependencies) = postProject 
	EndProjectSection
EndProject
Project("{c0626ad7-3496-47a7-be31-0f5897a7fda5}") = "RavlExtImgIO", "RavlExtImgIO.vcproj", "{900bf187-245a-4373-aec3-2db5117a6b83}"
	ProjectSection(ProjectDependencies) = postProject 
		{52b0634a-45e2-43fc-901b-e46bff7a16c4} = {52b0634a-45e2-43fc-901b-e46bff7a16c4}
		{1fd2248c-2857-404f-b8c8-bbe7089b469e} = {1fd2248c-2857-404f-b8c8-bbe7089b469e}
		{8bb3cdda-bf23-40e2-8fad-54eb073f5e05} = {8bb3cdda-bf23-40e2-8fad-54eb073f5e05}
	EndProjectSection
EndProject
Project("{c0626ad7-3496-47a7-be31-0f5897a7fda5}") = "RavlGUI2D", "RavlGUI2D.vcproj", "{a68f0d8b-a18a-408c-95e9-f7c80f204949}"
	ProjectSection(ProjectDependencies) = postProject 
		{52c0cbe7-eb98-4a7b-8704-e792da504387} = {52c0cbe7-eb98-4a7b-8704-e792da504387}
		{52b0634a-45e2-43fc-901b-e46bff7a16c4} = {52b0634a-45e2-43fc-901b-e46bff7a16c4}
		{1fd2248c-2857-404f-b8c8-bbe7089b469e} = {1fd2248c-2857-404f-b8c8-bbe7089b469e}
		{b035e994-e85a-47ca-b629-16a72eabcf2d} = {b035e994-e85a-47ca-b629-16a72eabcf2d}
	EndProjectSection
EndProject
Project("{c0626ad7-3496-47a7-be31-0f5897a7fda5}") = "Optimisation", "Optimisation.vcproj", "{c4f0a3fd-c5e5-4c16-a217-0683ca7b1a9b}"
	ProjectSection(ProjectDependencies) = postProject 
		{b461dcbb-3fc0-4910-b0b4-02b8607746f6} = {b461dcbb-3fc0-4910-b0b4-02b8607746f6}
		{4106388b-0b1f-412d-88de-910a7ccdacb3} = {4106388b-0b1f-412d-88de-910a7ccdacb3}
	EndProjectSection
EndProject
Project("{c0626ad7-3496-47a7-be31-0f5897a7fda5}") = "RavlAudioIO", "RavlAudioIO.vcproj", "{a68f39ee-fdf2-4015-a4ac-78b49908dd81}"
	ProjectSection(ProjectDependencies) = postProject 
		{e8a8726a-b0b2-4904-86ed-f3e2ab86704e} = {e8a8726a-b0b2-4904-86ed-f3e2ab86704e}
		{c347a832-eb36-446b-a6b5-3ee27a11a3ab} = {c347a832-eb36-446b-a6b5-3ee27a11a3ab}
		{9273b67f-e56d-4411-8b3a-74eaec0013eb} = {9273b67f-e56d-4411-8b3a-74eaec0013eb}
	EndProjectSection
EndProject
Project("{c0626ad7-3496-47a7-be31-0f5897a7fda5}") = "RavlXMPP", "RavlXMPP.vcproj", "{1d83c9d6-1404-4286-99b6-729167e1172d}"
	ProjectSection(ProjectDependencies) = postProject 
		{c347a832-eb36-446b-a6b5-3ee27a11a3ab} = {c347a832-eb36-446b-a6b5-3ee27a11a3ab}
		{ba7f2601-6894-461d-aa3c-87798334b1a6} = {ba7f2601-6894-461d-aa3c-87798334b1a6}
		{d48553a2-283f-42cf-ad7d-de85d1506b3c} = {d48553a2-283f-42cf-ad7d-de85d1506b3c}
	EndProjectSection
EndProject
Project("{c0626ad7-3496-47a7-be31-0f5897a7fda5}") = "RavlKalmanFilter", "RavlKalmanFilter.vcproj", "{dc395f5f-de70-444b-899f-4518c32e67d2}"
	ProjectSection(ProjectDependencies) = postProject 
		{b461dcbb-3fc0-4910-b0b4-02b8607746f6} = {b461dcbb-3fc0-4910-b0b4-02b8607746f6}
		{4106388b-0b1f-412d-88de-910a7ccdacb3} = {4106388b-0b1f-412d-88de-910a7ccdacb3}
	EndProjectSection
EndProject
Project("{c0626ad7-3496-47a7-be31-0f5897a7fda5}") = "RavlOptimise", "RavlOptimise.vcproj", "{7814f18d-2f8b-489c-b30d-2a3b868ed7c9}"
	ProjectSection(ProjectDependencies) = postProject 
		{b461dcbb-3fc0-4910-b0b4-02b8607746f6} = {b461dcbb-3fc0-4910-b0b4-02b8607746f6}
		{b035e994-e85a-47ca-b629-16a72eabcf2d} = {b035e994-e85a-47ca-b629-16a72eabcf2d}
	EndProjectSection
EndProject
Project("{c0626ad7-3496-47a7-be31-0f5897a7fda5}") = "RavlLapack", "RavlLapack.vcproj", "{0f37022c-b758-4dd9-b431-363110282ecf}"
	ProjectSection(ProjectDependencies) = postProject 
		{b035e994-e85a-47ca-b629-16a72eabcf2d} = {b035e994-e85a-47ca-b629-16a72eabcf2d}
		{1f022839-cff1-44e4-bbf4-f67f8060e073} = {1f022839-cff1-44e4-bbf4-f67f8060e073}
	EndProjectSection
EndProject
Project("{c0626ad7-3496-47a7-be31-0f5897a7fda5}") = "RavlLapackWraps", "RavlLapackWraps.vcproj", "{1f022839-cff1-44e4-bbf4-f67f8060e073}"
	ProjectSection(ProjectDependencies) = postProject 
	EndProjectSection
EndProject
Project("{c0626ad7-3496-47a7-be31-0f5897a7fda5}") = "RavlMath", "RavlMath.vcproj", "{b035e994-e85a-47ca-b629-16a72eabcf2d}"
	ProjectSection(ProjectDependencies) = postProject 
		{b461dcbb-3fc0-4910-b0b4-02b8607746f6} = {b461dcbb-3fc0-4910-b0b4-02b8607746f6}
		{9cd57e62-0e09-445f-91d2-970d139e5fe4} = {9cd57e62-0e09-445f-91d2-970d139e5fe4}
	EndProjectSection
EndProject
Project("{c0626ad7-3496-47a7-be31-0f5897a7fda5}") = "RavlDataServer", "RavlDataServer.vcproj", "{5719c27b-5d44-4b0c-99a1-d3bebadbe007}"
	ProjectSection(ProjectDependencies) = postProject 
		{51522aad-a30c-4023-a3c3-97b8f2bb7156} = {51522aad-a30c-4023-a3c3-97b8f2bb7156}
		{9273b67f-e56d-4411-8b3a-74eaec0013eb} = {9273b67f-e56d-4411-8b3a-74eaec0013eb}
	EndProjectSection
EndProject
Project("{c0626ad7-3496-47a7-be31-0f5897a7fda5}") = "RavlOS", "RavlOS.vcproj", "{c347a832-eb36-446b-a6b5-3ee27a11a3ab}"
	ProjectSection(ProjectDependencies) = postProject 
		{b461dcbb-3fc0-4910-b0b4-02b8607746f6} = {b461dcbb-3fc0-4910-b0b4-02b8607746f6}
		{1fd2248c-2857-404f-b8c8-bbe7089b469e} = {1fd2248c-2857-404f-b8c8-bbe7089b469e}
	EndProjectSection
EndProject
Project("{c0626ad7-3496-47a7-be31-0f5897a7fda5}") = "RavlImage", "RavlImage.vcproj", "{52b0634a-45e2-43fc-901b-e46bff7a16c4}"
	ProjectSection(ProjectDependencies) = postProject 
		{b461dcbb-3fc0-4910-b0b4-02b8607746f6} = {b461dcbb-3fc0-4910-b0b4-02b8607746f6}
		{1fd2248c-2857-404f-b8c8-bbe7089b469e} = {1fd2248c-2857-404f-b8c8-bbe7089b469e}
		{b035e994-e85a-47ca-b629-16a72eabcf2d} = {b035e994-e85a-47ca-b629-16a72eabcf2d}
	EndProjectSection
EndProject
Project("{c0626ad7-3496-47a7-be31-0f5897a7fda5}") = "RavlLogicNLP", "RavlLogicNLP.vcproj", "{96bcea84-c089-41e0-aab4-c580f3af90a7}"
	ProjectSection(ProjectDependencies) = postProject 
		{f5ff8b57-cfdc-48cc-812e-526f95eed0e5} = {f5ff8b57-cfdc-48cc-812e-526f95eed0e5}
	EndProjectSection
EndProject
Project("{c0626ad7-3496-47a7-be31-0f5897a7fda5}") = "RavlPatternRecIO", "RavlPatternRecIO.vcproj", "{b7b0951a-616e-4571-81c1-9bda009ab345}"
	ProjectSection(ProjectDependencies) = postProject 
		{b461dcbb-3fc0-4910-b0b4-02b8607746f6} = {b461dcbb-3fc0-4910-b0b4-02b8607746f6}
		{1fd2248c-2857-404f-b8c8-bbe7089b469e} = {1fd2248c-2857-404f-b8c8-bbe7089b469e}
		{4106388b-0b1f-412d-88de-910a7ccdacb3} = {4106388b-0b1f-412d-88de-910a7ccdacb3}
	EndProjectSection
EndProject
Project("{c0626ad7-3496-47a7-be31-0f5897a7fda5}") = "Ravl3D", "Ravl3D.vcproj", "{cd1351e3-318b-42ec-8075-5f325aa4909f}"
	ProjectSection(ProjectDependencies) = postProject 
		{b035e994-e85a-47ca-b629-16a72eabcf2d} = {b035e994-e85a-47ca-b629-16a72eabcf2d}
		{52b0634a-45e2-43fc-901b-e46bff7a16c4} = {52b0634a-45e2-43fc-901b-e46bff7a16c4}
		{b461dcbb-3fc0-4910-b0b4-02b8607746f6} = {b461dcbb-3fc0-4910-b0b4-02b8607746f6}
	EndProjectSection
EndProject
Project("{c0626ad7-3496-47a7-be31-0f5897a7fda5}") = "RavlDPDisplay", "RavlDPDisplay.vcproj", "{8febbab5-9205-4189-83ce-d0f5b7ac232d}"
	ProjectSection(ProjectDependencies) = postProject 
		{1fd2248c-2857-404f-b8c8-bbe7089b469e} = {1fd2248c-2857-404f-b8c8-bbe7089b469e}
		{52c0cbe7-eb98-4a7b-8704-e792da504387} = {52c0cbe7-eb98-4a7b-8704-e792da504387}
		{8bb3cdda-bf23-40e2-8fad-54eb073f5e05} = {8bb3cdda-bf23-40e2-8fad-54eb073f5e05}
		{a68f0d8b-a18a-408c-95e9-f7c80f204949} = {a68f0d8b-a18a-408c-95e9-f7c80f204949}
		{52b0634a-45e2-43fc-901b-e46bff7a16c4} = {52b0634a-45e2-43fc-901b-e46bff7a16c4}
	EndProjectSection
EndProject
Project("{c0626ad7-3496-47a7-be31-0f5897a7fda5}") = "Ravl3DIO", "Ravl3DIO.vcproj", "{18b45926-140d-4688-937e-926d1250febd}"
	ProjectSection(ProjectDependencies) = postProject 
		{cd1351e3-318b-42ec-8075-5f325aa4909f} = {cd1351e3-318b-42ec-8075-5f325aa4909f}
		{1fd2248c-2857-404f-b8c8-bbe7089b469e} = {1fd2248c-2857-404f-b8c8-bbe7089b469e}
		{c347a832-eb36-446b-a6b5-3ee27a11a3ab} = {c347a832-eb36-446b-a6b5-3ee27a11a3ab}
	EndProjectSection
EndProject
Project("{c0626ad7-3496-47a7-be31-0f5897a7fda5}") = "RavlGUIUtil", "RavlGUIUtil.vcproj", "{2b84c2e0-88bb-4f52-bc59-ed9481cd35be}"
	ProjectSection(ProjectDependencies) = postProject 
		{52c0cbe7-eb98-4a7b-8704-e792da504387} = {52c0cbe7-eb98-4a7b-8704-e792da504387}
		{b461dcbb-3fc0-4910-b0b4-02b8607746f6} = {b461dcbb-3fc0-4910-b0b4-02b8607746f6}
		{1fd2248c-2857-404f-b8c8-bbe7089b469e} = {1fd2248c-2857-404f-b8c8-bbe7089b469e}
		{a68f0d8b-a18a-408c-95e9-f7c80f204949} = {a68f0d8b-a18a-408c-95e9-f7c80f204949}
	EndProjectSection
EndProject
Project("{c0626ad7-3496-47a7-be31-0f5897a7fda5}") = "RavlGUI", "RavlGUI.vcproj", "{52c0cbe7-eb98-4a7b-8704-e792da504387}"
	ProjectSection(ProjectDependencies) = postProject 
		{b461dcbb-3fc0-4910-b0b4-02b8607746f6} = {b461dcbb-3fc0-4910-b0b4-02b8607746f6}
		{1fd2248c-2857-404f-b8c8-bbe7089b469e} = {1fd2248c-2857-404f-b8c8-bbe7089b469e}
		{c347a832-eb36-446b-a6b5-3ee27a11a3ab} = {c347a832-eb36-446b-a6b5-3ee27a11a3ab}
		{ba7f2601-6894-461d-aa3c-87798334b1a6} = {ba7f2601-6894-461d-aa3c-87798334b1a6}
		{5545076a-55dc-42f0-9cf4-45b075b41b15} = {5545076a-55dc-42f0-9cf4-45b075b41b15}
	EndProjectSection
EndProject
Project("{c0626ad7-3496-47a7-be31-0f5897a7fda5}") = "RavlSerialIO", "RavlSerialIO.vcproj", "{8b32aa15-574b-4fc6-9d21-36d0aecf3ff9}"
	ProjectSection(ProjectDependencies) = postProject 
		{b461dcbb-3fc0-4910-b0b4-02b8607746f6} = {b461dcbb-3fc0-4910-b0b4-02b8607746f6}
		{1fd2248c-2857-404f-b8c8-bbe7089b469e} = {1fd2248c-2857-404f-b8c8-bbe7089b469e}
		{c347a832-eb36-446b-a6b5-3ee27a11a3ab} = {c347a832-eb36-446b-a6b5-3ee27a11a3ab}
	EndProjectSection
EndProject
Project("{c0626ad7-3496-47a7-be31-0f5897a7fda5}") = "RavlSourceTools", "RavlSourceTools.vcproj", "{68fc403b-3517-49c5-b57b-f590f722cf89}"
	ProjectSection(ProjectDependencies) = postProject 
		{b461dcbb-3fc0-4910-b0b4-02b8607746f6} = {b461dcbb-3fc0-4910-b0b4-02b8607746f6}
		{c347a832-eb36-446b-a6b5-3ee27a11a3ab} = {c347a832-eb36-446b-a6b5-3ee27a11a3ab}
	EndProjectSection
EndProject
Project("{c0626ad7-3496-47a7-be31-0f5897a7fda5}") = "RavlChartDetector", "RavlChartDetector.vcproj", "{e8d26073-a22a-4d72-aef6-0b9e9078c1d2}"
	ProjectSection(ProjectDependencies) = postProject 
		{52b0634a-45e2-43fc-901b-e46bff7a16c4} = {52b0634a-45e2-43fc-901b-e46bff7a16c4}
		{b690bbdf-fc9c-4280-89aa-db8af57a093a} = {b690bbdf-fc9c-4280-89aa-db8af57a093a}
		{8bb3cdda-bf23-40e2-8fad-54eb073f5e05} = {8bb3cdda-bf23-40e2-8fad-54eb073f5e05}
		{c4f0a3fd-c5e5-4c16-a217-0683ca7b1a9b} = {c4f0a3fd-c5e5-4c16-a217-0683ca7b1a9b}
	EndProjectSection
EndProject
Project("{c0626ad7-3496-47a7-be31-0f5897a7fda5}") = "RavlIO", "RavlIO.vcproj", "{1fd2248c-2857-404f-b8c8-bbe7089b469e}"
	ProjectSection(ProjectDependencies) = postProject 
		{b461dcbb-3fc0-4910-b0b4-02b8607746f6} = {b461dcbb-3fc0-4910-b0b4-02b8607746f6}
	EndProjectSection
EndProject
Project("{c0626ad7-3496-47a7-be31-0f5897a7fda5}") = "RavlImageProc", "RavlImageProc.vcproj", "{b690bbdf-fc9c-4280-89aa-db8af57a093a}"
	ProjectSection(ProjectDependencies) = postProject 
		{52b0634a-45e2-43fc-901b-e46bff7a16c4} = {52b0634a-45e2-43fc-901b-e46bff7a16c4}
		{ba7f2601-6894-461d-aa3c-87798334b1a6} = {ba7f2601-6894-461d-aa3c-87798334b1a6}
		{b035e994-e85a-47ca-b629-16a72eabcf2d} = {b035e994-e85a-47ca-b629-16a72eabcf2d}
		{1fd2248c-2857-404f-b8c8-bbe7089b469e} = {1fd2248c-2857-404f-b8c8-bbe7089b469e}
		{c347a832-eb36-446b-a6b5-3ee27a11a3ab} = {c347a832-eb36-446b-a6b5-3ee27a11a3ab}
		{9273b67f-e56d-4411-8b3a-74eaec0013eb} = {9273b67f-e56d-4411-8b3a-74eaec0013eb}
		{7814f18d-2f8b-489c-b30d-2a3b868ed7c9} = {7814f18d-2f8b-489c-b30d-2a3b868ed7c9}
		{b461dcbb-3fc0-4910-b0b4-02b8607746f6} = {b461dcbb-3fc0-4910-b0b4-02b8607746f6}
	EndProjectSection
EndProject
Project("{c0626ad7-3496-47a7-be31-0f5897a7fda5}") = "RavlPython", "RavlPython.vcproj", "{97835493-3e34-48c3-8a34-43d61177e134}"
	ProjectSection(ProjectDependencies) = postProject 
		{c347a832-eb36-446b-a6b5-3ee27a11a3ab} = {c347a832-eb36-446b-a6b5-3ee27a11a3ab}
		{b461dcbb-3fc0-4910-b0b4-02b8607746f6} = {b461dcbb-3fc0-4910-b0b4-02b8607746f6}
		{ba7f2601-6894-461d-aa3c-87798334b1a6} = {ba7f2601-6894-461d-aa3c-87798334b1a6}
	EndProjectSection
EndProject
Project("{c0626ad7-3496-47a7-be31-0f5897a7fda5}") = "RavlGeneticOptimisation", "RavlGeneticOptimisation.vcproj", "{12851107-a616-4239-95f8-1b3aeebba5ec}"
	ProjectSection(ProjectDependencies) = postProject 
		{c347a832-eb36-446b-a6b5-3ee27a11a3ab} = {c347a832-eb36-446b-a6b5-3ee27a11a3ab}
		{1fd2248c-2857-404f-b8c8-bbe7089b469e} = {1fd2248c-2857-404f-b8c8-bbe7089b469e}
		{5545076a-55dc-42f0-9cf4-45b075b41b15} = {5545076a-55dc-42f0-9cf4-45b075b41b15}
	EndProjectSection
EndProject
Project("{c0626ad7-3496-47a7-be31-0f5897a7fda5}") = "RavlMathIO", "RavlMathIO.vcproj", "{a2b8d084-31a1-45c4-bdeb-f42a7aac9fc2}"
	ProjectSection(ProjectDependencies) = postProject 
		{b035e994-e85a-47ca-b629-16a72eabcf2d} = {b035e994-e85a-47ca-b629-16a72eabcf2d}
		{1fd2248c-2857-404f-b8c8-bbe7089b469e} = {1fd2248c-2857-404f-b8c8-bbe7089b469e}
		{5545076a-55dc-42f0-9cf4-45b075b41b15} = {5545076a-55dc-42f0-9cf4-45b075b41b15}
	EndProjectSection
EndProject
Project("{c0626ad7-3496-47a7-be31-0f5897a7fda5}") = "RavlLogicAgent", "RavlLogicAgent.vcproj", "{29b647c5-82cf-47bb-aa4f-885dcb373e6b}"
	ProjectSection(ProjectDependencies) = postProject 
		{f5ff8b57-cfdc-48cc-812e-526f95eed0e5} = {f5ff8b57-cfdc-48cc-812e-526f95eed0e5}
		{cbea3c37-5c14-482c-8ef1-4bd798a6916b} = {cbea3c37-5c14-482c-8ef1-4bd798a6916b}
		{96bcea84-c089-41e0-aab4-c580f3af90a7} = {96bcea84-c089-41e0-aab4-c580f3af90a7}
	EndProjectSection
EndProject
Project("{c0626ad7-3496-47a7-be31-0f5897a7fda5}") = "RavlAutoPort2", "RavlAutoPort2.vcproj", "{fdcb951f-118f-4ed4-b92d-542cd4814818}"
	ProjectSection(ProjectDependencies) = postProject 
		{c347a832-eb36-446b-a6b5-3ee27a11a3ab} = {c347a832-eb36-446b-a6b5-3ee27a11a3ab}
		{68fc403b-3517-49c5-b57b-f590f722cf89} = {68fc403b-3517-49c5-b57b-f590f722cf89}
		{b461dcbb-3fc0-4910-b0b4-02b8607746f6} = {b461dcbb-3fc0-4910-b0b4-02b8607746f6}
		{1fd2248c-2857-404f-b8c8-bbe7089b469e} = {1fd2248c-2857-404f-b8c8-bbe7089b469e}
		{b035e994-e85a-47ca-b629-16a72eabcf2d} = {b035e994-e85a-47ca-b629-16a72eabcf2d}
	EndProjectSection
EndProject
Project("{c0626ad7-3496-47a7-be31-0f5897a7fda5}") = "RavlCameraCal", "RavlCameraCal.vcproj", "{01c08921-2842-4221-b48a-3fd8b400c46c}"
	ProjectSection(ProjectDependencies) = postProject 
		{b461dcbb-3fc0-4910-b0b4-02b8607746f6} = {b461dcbb-3fc0-4910-b0b4-02b8607746f6}
		{52b0634a-45e2-43fc-901b-e46bff7a16c4} = {52b0634a-45e2-43fc-901b-e46bff7a16c4}
		{b035e994-e85a-47ca-b629-16a72eabcf2d} = {b035e994-e85a-47ca-b629-16a72eabcf2d}
	EndProjectSection
EndProject
Project("{c0626ad7-3496-47a7-be31-0f5897a7fda5}") = "RavlAudioUtil", "RavlAudioUtil.vcproj", "{e8a8726a-b0b2-4904-86ed-f3e2ab86704e}"
	ProjectSection(ProjectDependencies) = postProject 
		{1fd2248c-2857-404f-b8c8-bbe7089b469e} = {1fd2248c-2857-404f-b8c8-bbe7089b469e}
	EndProjectSection
EndProject
Project("{c0626ad7-3496-47a7-be31-0f5897a7fda5}") = "RavlRLog", "RavlRLog.vcproj", "{d48553a2-283f-42cf-ad7d-de85d1506b3c}"
	ProjectSection(ProjectDependencies) = postProject 
		{b461dcbb-3fc0-4910-b0b4-02b8607746f6} = {b461dcbb-3fc0-4910-b0b4-02b8607746f6}
		{c347a832-eb36-446b-a6b5-3ee27a11a3ab} = {c347a832-eb36-446b-a6b5-3ee27a11a3ab}
	EndProjectSection
EndProject
Project("{c0626ad7-3496-47a7-be31-0f5897a7fda5}") = "RavlHMM", "RavlHMM.vcproj", "{bfe85281-3382-4348-9f8e-8cccc3fe828d}"
	ProjectSection(ProjectDependencies) = postProject 
		{b461dcbb-3fc0-4910-b0b4-02b8607746f6} = {b461dcbb-3fc0-4910-b0b4-02b8607746f6}
	EndProjectSection
EndProject
Project("{c0626ad7-3496-47a7-be31-0f5897a7fda5}") = "RavlOSIO", "RavlOSIO.vcproj", "{9273b67f-e56d-4411-8b3a-74eaec0013eb}"
	ProjectSection(ProjectDependencies) = postProject 
		{c347a832-eb36-446b-a6b5-3ee27a11a3ab} = {c347a832-eb36-446b-a6b5-3ee27a11a3ab}
		{1fd2248c-2857-404f-b8c8-bbe7089b469e} = {1fd2248c-2857-404f-b8c8-bbe7089b469e}
	EndProjectSection
EndProject
Project("{c0626ad7-3496-47a7-be31-0f5897a7fda5}") = "RavlSVM", "RavlSVM.vcproj", "{67144c53-7b42-4fbf-b74f-64039a0d990f}"
	ProjectSection(ProjectDependencies) = postProject 
		{b461dcbb-3fc0-4910-b0b4-02b8607746f6} = {b461dcbb-3fc0-4910-b0b4-02b8607746f6}
		{4106388b-0b1f-412d-88de-910a7ccdacb3} = {4106388b-0b1f-412d-88de-910a7ccdacb3}
	EndProjectSection
EndProject
Project("{c0626ad7-3496-47a7-be31-0f5897a7fda5}") = "RavlMPEG2", "RavlMPEG2.vcproj", "{ad7a6c9a-73b0-434f-a35a-db1bd47f7a1b}"
	ProjectSection(ProjectDependencies) = postProject 
		{a1f5bfec-65f2-4ade-a7f9-09a9aac8db92} = {a1f5bfec-65f2-4ade-a7f9-09a9aac8db92}
		{c347a832-eb36-446b-a6b5-3ee27a11a3ab} = {c347a832-eb36-446b-a6b5-3ee27a11a3ab}
	EndProjectSection
EndProject
Project("{c0626ad7-3496-47a7-be31-0f5897a7fda5}") = "RavlLogic", "RavlLogic.vcproj", "{f5ff8b57-cfdc-48cc-812e-526f95eed0e5}"
	ProjectSection(ProjectDependencies) = postProject 
		{b461dcbb-3fc0-4910-b0b4-02b8607746f6} = {b461dcbb-3fc0-4910-b0b4-02b8607746f6}
		{4106388b-0b1f-412d-88de-910a7ccdacb3} = {4106388b-0b1f-412d-88de-910a7ccdacb3}
	EndProjectSection
EndProject
Project("{c0626ad7-3496-47a7-be31-0f5897a7fda5}") = "RavlXMLFactory", "RavlXMLFactory.vcproj", "{5545076a-55dc-42f0-9cf4-45b075b41b15}"
	ProjectSection(ProjectDependencies) = postProject 
		{b461dcbb-3fc0-4910-b0b4-02b8607746f6} = {b461dcbb-3fc0-4910-b0b4-02b8607746f6}
		{1fd2248c-2857-404f-b8c8-bbe7089b469e} = {1fd2248c-2857-404f-b8c8-bbe7089b469e}
		{ba7f2601-6894-461d-aa3c-87798334b1a6} = {ba7f2601-6894-461d-aa3c-87798334b1a6}
		{c347a832-eb36-446b-a6b5-3ee27a11a3ab} = {c347a832-eb36-446b-a6b5-3ee27a11a3ab}
	EndProjectSection
EndProject
Project("{c0626ad7-3496-47a7-be31-0f5897a7fda5}") = "RavlVideo", "RavlVideo.vcproj", "{6a50efec-6f8e-48e7-85e7-ec0e9aae4d9a}"
	ProjectSection(ProjectDependencies) = postProject 
		{b461dcbb-3fc0-4910-b0b4-02b8607746f6} = {b461dcbb-3fc0-4910-b0b4-02b8607746f6}
		{52b0634a-45e2-43fc-901b-e46bff7a16c4} = {52b0634a-45e2-43fc-901b-e46bff7a16c4}
	EndProjectSection
EndProject
Project("{c0626ad7-3496-47a7-be31-0f5897a7fda5}") = "RavlUUId", "RavlUUId.vcproj", "{16b56ee3-4c7b-42ed-930e-0186333faf6a}"
	ProjectSection(ProjectDependencies) = postProject 
		{ba7f2601-6894-461d-aa3c-87798334b1a6} = {ba7f2601-6894-461d-aa3c-87798334b1a6}
	EndProjectSection
EndProject
Project("{c0626ad7-3496-47a7-be31-0f5897a7fda5}") = "RavlAV", "RavlAV.vcproj", "{cffd8a62-1619-4008-9264-4e7ff96fd2f1}"
	ProjectSection(ProjectDependencies) = postProject 
		{e8a8726a-b0b2-4904-86ed-f3e2ab86704e} = {e8a8726a-b0b2-4904-86ed-f3e2ab86704e}
		{8bb3cdda-bf23-40e2-8fad-54eb073f5e05} = {8bb3cdda-bf23-40e2-8fad-54eb073f5e05}
	EndProjectSection
EndProject
Project("{c0626ad7-3496-47a7-be31-0f5897a7fda5}") = "RavlVideoIO", "RavlVideoIO.vcproj", "{a1f5bfec-65f2-4ade-a7f9-09a9aac8db92}"
	ProjectSection(ProjectDependencies) = postProject 
		{8bb3cdda-bf23-40e2-8fad-54eb073f5e05} = {8bb3cdda-bf23-40e2-8fad-54eb073f5e05}
		{9273b67f-e56d-4411-8b3a-74eaec0013eb} = {9273b67f-e56d-4411-8b3a-74eaec0013eb}
	EndProjectSection
EndProject
Project("{c0626ad7-3496-47a7-be31-0f5897a7fda5}") = "RavlNet", "RavlNet.vcproj", "{51522aad-a30c-4023-a3c3-97b8f2bb7156}"
	ProjectSection(ProjectDependencies) = postProject 
		{c347a832-eb36-446b-a6b5-3ee27a11a3ab} = {c347a832-eb36-446b-a6b5-3ee27a11a3ab}
		{b461dcbb-3fc0-4910-b0b4-02b8607746f6} = {b461dcbb-3fc0-4910-b0b4-02b8607746f6}
		{ba7f2601-6894-461d-aa3c-87798334b1a6} = {ba7f2601-6894-461d-aa3c-87798334b1a6}
		{1fd2248c-2857-404f-b8c8-bbe7089b469e} = {1fd2248c-2857-404f-b8c8-bbe7089b469e}
	EndProjectSection
EndProject
Project("{c0626ad7-3496-47a7-be31-0f5897a7fda5}") = "RavlImgIOJasper", "RavlImgIOJasper.vcproj", "{78716a58-d85b-4389-9608-e5f7c0e6830e}"
	ProjectSection(ProjectDependencies) = postProject 
		{52b0634a-45e2-43fc-901b-e46bff7a16c4} = {52b0634a-45e2-43fc-901b-e46bff7a16c4}
		{1fd2248c-2857-404f-b8c8-bbe7089b469e} = {1fd2248c-2857-404f-b8c8-bbe7089b469e}
	EndProjectSection
EndProject
Project("{c0626ad7-3496-47a7-be31-0f5897a7fda5}") = "RavlZLib", "RavlZLib.vcproj", "{e80d6d64-0f5d-4856-9489-bd4591563eab}"
	ProjectSection(ProjectDependencies) = postProject 
		{b461dcbb-3fc0-4910-b0b4-02b8607746f6} = {b461dcbb-3fc0-4910-b0b4-02b8607746f6}
	EndProjectSection
EndProject
Project("{c0626ad7-3496-47a7-be31-0f5897a7fda5}") = "RavlLibGlade", "RavlLibGlade.vcproj", "{75234586-bf63-48bb-99f7-e3831518789b}"
	ProjectSection(ProjectDependencies) = postProject 
		{52c0cbe7-eb98-4a7b-8704-e792da504387} = {52c0cbe7-eb98-4a7b-8704-e792da504387}
		{5545076a-55dc-42f0-9cf4-45b075b41b15} = {5545076a-55dc-42f0-9cf4-45b075b41b15}
	EndProjectSection
EndProject
Project("{c0626ad7-3496-47a7-be31-0f5897a7fda5}") = "RavlAAMGUI", "RavlAAMGUI.vcproj", "{4b47772a-a198-4b4c-ad6d-d1c671b817ec}"
	ProjectSection(ProjectDependencies) = postProject 
		{d5402573-f62d-44ee-af9b-0722ede9f660} = {d5402573-f62d-44ee-af9b-0722ede9f660}
		{a68f0d8b-a18a-408c-95e9-f7c80f204949} = {a68f0d8b-a18a-408c-95e9-f7c80f204949}
	EndProjectSection
EndProject
Project("{c0626ad7-3496-47a7-be31-0f5897a7fda5}") = "RavlThreads", "RavlThreads.vcproj", "{ba7f2601-6894-461d-aa3c-87798334b1a6}"
	ProjectSection(ProjectDependencies) = postProject 
		{b461dcbb-3fc0-4910-b0b4-02b8607746f6} = {b461dcbb-3fc0-4910-b0b4-02b8607746f6}
		{c347a832-eb36-446b-a6b5-3ee27a11a3ab} = {c347a832-eb36-446b-a6b5-3ee27a11a3ab}
	EndProjectSection
EndProject
Project("{c0626ad7-3496-47a7-be31-0f5897a7fda5}") = "RavlDPMT", "RavlDPMT.vcproj", "{cbea3c37-5c14-482c-8ef1-4bd798a6916b}"
	ProjectSection(ProjectDependencies) = postProject 
		{c347a832-eb36-446b-a6b5-3ee27a11a3ab} = {c347a832-eb36-446b-a6b5-3ee27a11a3ab}
		{1fd2248c-2857-404f-b8c8-bbe7089b469e} = {1fd2248c-2857-404f-b8c8-bbe7089b469e}
		{ba7f2601-6894-461d-aa3c-87798334b1a6} = {ba7f2601-6894-461d-aa3c-87798334b1a6}
	EndProjectSection
EndProject
Project("{c0626ad7-3496-47a7-be31-0f5897a7fda5}") = "RavlPatternRec", "RavlPatternRec.vcproj", "{4106388b-0b1f-412d-88de-910a7ccdacb3}"
	ProjectSection(ProjectDependencies) = postProject 
		{b461dcbb-3fc0-4910-b0b4-02b8607746f6} = {b461dcbb-3fc0-4910-b0b4-02b8607746f6}
		{b035e994-e85a-47ca-b629-16a72eabcf2d} = {b035e994-e85a-47ca-b629-16a72eabcf2d}
		{9273b67f-e56d-4411-8b3a-74eaec0013eb} = {9273b67f-e56d-4411-8b3a-74eaec0013eb}
		{1fd2248c-2857-404f-b8c8-bbe7089b469e} = {1fd2248c-2857-404f-b8c8-bbe7089b469e}
		{02d33961-08a2-466a-866f-583df35c88b3} = {02d33961-08a2-466a-866f-583df35c88b3}
		{5545076a-55dc-42f0-9cf4-45b075b41b15} = {5545076a-55dc-42f0-9cf4-45b075b41b15}
		{a2b8d084-31a1-45c4-bdeb-f42a7aac9fc2} = {a2b8d084-31a1-45c4-bdeb-f42a7aac9fc2}
		{c347a832-eb36-446b-a6b5-3ee27a11a3ab} = {c347a832-eb36-446b-a6b5-3ee27a11a3ab}
	EndProjectSection
EndProject
Project("{c0626ad7-3496-47a7-be31-0f5897a7fda5}") = "RavlGeneticProgram", "RavlGeneticProgram.vcproj", "{2388388f-7913-4944-9f10-f12ac3a8769b}"
	ProjectSection(ProjectDependencies) = postProject 
		{c347a832-eb36-446b-a6b5-3ee27a11a3ab} = {c347a832-eb36-446b-a6b5-3ee27a11a3ab}
		{12851107-a616-4239-95f8-1b3aeebba5ec} = {12851107-a616-4239-95f8-1b3aeebba5ec}
	EndProjectSection
EndProject
Project("{c0626ad7-3496-47a7-be31-0f5897a7fda5}") = "ArffIO", "ArffIO.vcproj", "{2b9d5103-f642-4cf6-873a-39bec37ca885}"
	ProjectSection(ProjectDependencies) = postProject 
		{b461dcbb-3fc0-4910-b0b4-02b8607746f6} = {b461dcbb-3fc0-4910-b0b4-02b8607746f6}
	EndProjectSection
EndProject
Project("{c0626ad7-3496-47a7-be31-0f5897a7fda5}") = "RavlImageXMLFactory", "RavlImageXMLFactory.vcproj", "{da49a62c-cdf7-441f-8caa-72f8b88d82e5}"
	ProjectSection(ProjectDependencies) = postProject 
		{1fd2248c-2857-404f-b8c8-bbe7089b469e} = {1fd2248c-2857-404f-b8c8-bbe7089b469e}
		{5545076a-55dc-42f0-9cf4-45b075b41b15} = {5545076a-55dc-42f0-9cf4-45b075b41b15}
		{52b0634a-45e2-43fc-901b-e46bff7a16c4} = {52b0634a-45e2-43fc-901b-e46bff7a16c4}
		{9273b67f-e56d-4411-8b3a-74eaec0013eb} = {9273b67f-e56d-4411-8b3a-74eaec0013eb}
		{8bb3cdda-bf23-40e2-8fad-54eb073f5e05} = {8bb3cdda-bf23-40e2-8fad-54eb073f5e05}
	EndProjectSection
EndProject
Global
	GlobalSection(SolutionConfigurationPlatforms) = preSolution
		Debug|Win32 = Debug|Win32
		Release|Win32 = Release|Win32
	EndGlobalSection
	GlobalSection(ProjectConfigurationPlatforms) = postSolution
		{d5402573-f62d-44ee-af9b-0722ede9f660}.Debug|Win32.ActiveCfg = Debug|Win32
		{d5402573-f62d-44ee-af9b-0722ede9f660}.Debug|Win32.Build.0 = Debug|Win32
		{d5402573-f62d-44ee-af9b-0722ede9f660}.Release|Win32.ActiveCfg = Release|Win32
		{d5402573-f62d-44ee-af9b-0722ede9f660}.Release|Win32.Build.0 = Release|Win32
		{07701d4b-2495-402e-8474-4205da13c19f}.Debug|Win32.ActiveCfg = Debug|Win32
		{07701d4b-2495-402e-8474-4205da13c19f}.Debug|Win32.Build.0 = Debug|Win32
		{07701d4b-2495-402e-8474-4205da13c19f}.Release|Win32.ActiveCfg = Release|Win32
		{07701d4b-2495-402e-8474-4205da13c19f}.Release|Win32.Build.0 = Release|Win32
		{8bb3cdda-bf23-40e2-8fad-54eb073f5e05}.Debug|Win32.ActiveCfg = Debug|Win32
		{8bb3cdda-bf23-40e2-8fad-54eb073f5e05}.Debug|Win32.Build.0 = Debug|Win32
		{8bb3cdda-bf23-40e2-8fad-54eb073f5e05}.Release|Win32.ActiveCfg = Release|Win32
		{8bb3cdda-bf23-40e2-8fad-54eb073f5e05}.Release|Win32.Build.0 = Release|Win32
		{02d33961-08a2-466a-866f-583df35c88b3}.Debug|Win32.ActiveCfg = Debug|Win32
		{02d33961-08a2-466a-866f-583df35c88b3}.Debug|Win32.Build.0 = Debug|Win32
		{02d33961-08a2-466a-866f-583df35c88b3}.Release|Win32.ActiveCfg = Release|Win32
		{02d33961-08a2-466a-866f-583df35c88b3}.Release|Win32.Build.0 = Release|Win32
		{9cd57e62-0e09-445f-91d2-970d139e5fe4}.Debug|Win32.ActiveCfg = Debug|Win32
		{9cd57e62-0e09-445f-91d2-970d139e5fe4}.Debug|Win32.Build.0 = Debug|Win32
		{9cd57e62-0e09-445f-91d2-970d139e5fe4}.Release|Win32.ActiveCfg = Release|Win32
		{9cd57e62-0e09-445f-91d2-970d139e5fe4}.Release|Win32.Build.0 = Release|Win32
		{42c0a634-c5cd-49fd-a96f-819f39ec1948}.Debug|Win32.ActiveCfg = Debug|Win32
		{42c0a634-c5cd-49fd-a96f-819f39ec1948}.Debug|Win32.Build.0 = Debug|Win32
		{42c0a634-c5cd-49fd-a96f-819f39ec1948}.Release|Win32.ActiveCfg = Release|Win32
		{42c0a634-c5cd-49fd-a96f-819f39ec1948}.Release|Win32.Build.0 = Release|Win32
		{00e59048-42ac-4f7b-a67e-00329fe2fa2d}.Debug|Win32.ActiveCfg = Debug|Win32
		{00e59048-42ac-4f7b-a67e-00329fe2fa2d}.Debug|Win32.Build.0 = Debug|Win32
		{00e59048-42ac-4f7b-a67e-00329fe2fa2d}.Release|Win32.ActiveCfg = Release|Win32
		{00e59048-42ac-4f7b-a67e-00329fe2fa2d}.Release|Win32.Build.0 = Release|Win32
		{967c4c8d-bb10-42f1-a416-a7dcae95fcac}.Debug|Win32.ActiveCfg = Debug|Win32
		{967c4c8d-bb10-42f1-a416-a7dcae95fcac}.Debug|Win32.Build.0 = Debug|Win32
		{967c4c8d-bb10-42f1-a416-a7dcae95fcac}.Release|Win32.ActiveCfg = Release|Win32
		{967c4c8d-bb10-42f1-a416-a7dcae95fcac}.Release|Win32.Build.0 = Release|Win32
		{b461dcbb-3fc0-4910-b0b4-02b8607746f6}.Debug|Win32.ActiveCfg = Debug|Win32
		{b461dcbb-3fc0-4910-b0b4-02b8607746f6}.Debug|Win32.Build.0 = Debug|Win32
		{b461dcbb-3fc0-4910-b0b4-02b8607746f6}.Release|Win32.ActiveCfg = Release|Win32
		{b461dcbb-3fc0-4910-b0b4-02b8607746f6}.Release|Win32.Build.0 = Release|Win32
		{900bf187-245a-4373-aec3-2db5117a6b83}.Debug|Win32.ActiveCfg = Debug|Win32
		{900bf187-245a-4373-aec3-2db5117a6b83}.Debug|Win32.Build.0 = Debug|Win32
		{900bf187-245a-4373-aec3-2db5117a6b83}.Release|Win32.ActiveCfg = Release|Win32
		{900bf187-245a-4373-aec3-2db5117a6b83}.Release|Win32.Build.0 = Release|Win32
		{a68f0d8b-a18a-408c-95e9-f7c80f204949}.Debug|Win32.ActiveCfg = Debug|Win32
		{a68f0d8b-a18a-408c-95e9-f7c80f204949}.Debug|Win32.Build.0 = Debug|Win32
		{a68f0d8b-a18a-408c-95e9-f7c80f204949}.Release|Win32.ActiveCfg = Release|Win32
		{a68f0d8b-a18a-408c-95e9-f7c80f204949}.Release|Win32.Build.0 = Release|Win32
		{c4f0a3fd-c5e5-4c16-a217-0683ca7b1a9b}.Debug|Win32.ActiveCfg = Debug|Win32
		{c4f0a3fd-c5e5-4c16-a217-0683ca7b1a9b}.Debug|Win32.Build.0 = Debug|Win32
		{c4f0a3fd-c5e5-4c16-a217-0683ca7b1a9b}.Release|Win32.ActiveCfg = Release|Win32
		{c4f0a3fd-c5e5-4c16-a217-0683ca7b1a9b}.Release|Win32.Build.0 = Release|Win32
		{a68f39ee-fdf2-4015-a4ac-78b49908dd81}.Debug|Win32.ActiveCfg = Debug|Win32
		{a68f39ee-fdf2-4015-a4ac-78b49908dd81}.Debug|Win32.Build.0 = Debug|Win32
		{a68f39ee-fdf2-4015-a4ac-78b49908dd81}.Release|Win32.ActiveCfg = Release|Win32
		{a68f39ee-fdf2-4015-a4ac-78b49908dd81}.Release|Win32.Build.0 = Release|Win32
		{1d83c9d6-1404-4286-99b6-729167e1172d}.Debug|Win32.ActiveCfg = Debug|Win32
		{1d83c9d6-1404-4286-99b6-729167e1172d}.Debug|Win32.Build.0 = Debug|Win32
		{1d83c9d6-1404-4286-99b6-729167e1172d}.Release|Win32.ActiveCfg = Release|Win32
		{1d83c9d6-1404-4286-99b6-729167e1172d}.Release|Win32.Build.0 = Release|Win32
		{dc395f5f-de70-444b-899f-4518c32e67d2}.Debug|Win32.ActiveCfg = Debug|Win32
		{dc395f5f-de70-444b-899f-4518c32e67d2}.Debug|Win32.Build.0 = Debug|Win32
		{dc395f5f-de70-444b-899f-4518c32e67d2}.Release|Win32.ActiveCfg = Release|Win32
		{dc395f5f-de70-444b-899f-4518c32e67d2}.Release|Win32.Build.0 = Release|Win32
		{7814f18d-2f8b-489c-b30d-2a3b868ed7c9}.Debug|Win32.ActiveCfg = Debug|Win32
		{7814f18d-2f8b-489c-b30d-2a3b868ed7c9}.Debug|Win32.Build.0 = Debug|Win32
		{7814f18d-2f8b-489c-b30d-2a3b868ed7c9}.Release|Win32.ActiveCfg = Release|Win32
		{7814f18d-2f8b-489c-b30d-2a3b868ed7c9}.Release|Win32.Build.0 = Release|Win32
		{0f37022c-b758-4dd9-b431-363110282ecf}.Debug|Win32.ActiveCfg = Debug|Win32
		{0f37022c-b758-4dd9-b431-363110282ecf}.Debug|Win32.Build.0 = Debug|Win32
		{0f37022c-b758-4dd9-b431-363110282ecf}.Release|Win32.ActiveCfg = Release|Win32
		{0f37022c-b758-4dd9-b431-363110282ecf}.Release|Win32.Build.0 = Release|Win32
		{1f022839-cff1-44e4-bbf4-f67f8060e073}.Debug|Win32.ActiveCfg = Debug|Win32
		{1f022839-cff1-44e4-bbf4-f67f8060e073}.Debug|Win32.Build.0 = Debug|Win32
		{1f022839-cff1-44e4-bbf4-f67f8060e073}.Release|Win32.ActiveCfg = Release|Win32
		{1f022839-cff1-44e4-bbf4-f67f8060e073}.Release|Win32.Build.0 = Release|Win32
		{b035e994-e85a-47ca-b629-16a72eabcf2d}.Debug|Win32.ActiveCfg = Debug|Win32
		{b035e994-e85a-47ca-b629-16a72eabcf2d}.Debug|Win32.Build.0 = Debug|Win32
		{b035e994-e85a-47ca-b629-16a72eabcf2d}.Release|Win32.ActiveCfg = Release|Win32
		{b035e994-e85a-47ca-b629-16a72eabcf2d}.Release|Win32.Build.0 = Release|Win32
		{5719c27b-5d44-4b0c-99a1-d3bebadbe007}.Debug|Win32.ActiveCfg = Debug|Win32
		{5719c27b-5d44-4b0c-99a1-d3bebadbe007}.Debug|Win32.Build.0 = Debug|Win32
		{5719c27b-5d44-4b0c-99a1-d3bebadbe007}.Release|Win32.ActiveCfg = Release|Win32
		{5719c27b-5d44-4b0c-99a1-d3bebadbe007}.Release|Win32.Build.0 = Release|Win32
		{c347a832-eb36-446b-a6b5-3ee27a11a3ab}.Debug|Win32.ActiveCfg = Debug|Win32
		{c347a832-eb36-446b-a6b5-3ee27a11a3ab}.Debug|Win32.Build.0 = Debug|Win32
		{c347a832-eb36-446b-a6b5-3ee27a11a3ab}.Release|Win32.ActiveCfg = Release|Win32
		{c347a832-eb36-446b-a6b5-3ee27a11a3ab}.Release|Win32.Build.0 = Release|Win32
		{52b0634a-45e2-43fc-901b-e46bff7a16c4}.Debug|Win32.ActiveCfg = Debug|Win32
		{52b0634a-45e2-43fc-901b-e46bff7a16c4}.Debug|Win32.Build.0 = Debug|Win32
		{52b0634a-45e2-43fc-901b-e46bff7a16c4}.Release|Win32.ActiveCfg = Release|Win32
		{52b0634a-45e2-43fc-901b-e46bff7a16c4}.Release|Win32.Build.0 = Release|Win32
		{96bcea84-c089-41e0-aab4-c580f3af90a7}.Debug|Win32.ActiveCfg = Debug|Win32
		{96bcea84-c089-41e0-aab4-c580f3af90a7}.Debug|Win32.Build.0 = Debug|Win32
		{96bcea84-c089-41e0-aab4-c580f3af90a7}.Release|Win32.ActiveCfg = Release|Win32
		{96bcea84-c089-41e0-aab4-c580f3af90a7}.Release|Win32.Build.0 = Release|Win32
		{b7b0951a-616e-4571-81c1-9bda009ab345}.Debug|Win32.ActiveCfg = Debug|Win32
		{b7b0951a-616e-4571-81c1-9bda009ab345}.Debug|Win32.Build.0 = Debug|Win32
		{b7b0951a-616e-4571-81c1-9bda009ab345}.Release|Win32.ActiveCfg = Release|Win32
		{b7b0951a-616e-4571-81c1-9bda009ab345}.Release|Win32.Build.0 = Release|Win32
		{cd1351e3-318b-42ec-8075-5f325aa4909f}.Debug|Win32.ActiveCfg = Debug|Win32
		{cd1351e3-318b-42ec-8075-5f325aa4909f}.Debug|Win32.Build.0 = Debug|Win32
		{cd1351e3-318b-42ec-8075-5f325aa4909f}.Release|Win32.ActiveCfg = Release|Win32
		{cd1351e3-318b-42ec-8075-5f325aa4909f}.Release|Win32.Build.0 = Release|Win32
		{8febbab5-9205-4189-83ce-d0f5b7ac232d}.Debug|Win32.ActiveCfg = Debug|Win32
		{8febbab5-9205-4189-83ce-d0f5b7ac232d}.Debug|Win32.Build.0 = Debug|Win32
		{8febbab5-9205-4189-83ce-d0f5b7ac232d}.Release|Win32.ActiveCfg = Release|Win32
		{8febbab5-9205-4189-83ce-d0f5b7ac232d}.Release|Win32.Build.0 = Release|Win32
		{18b45926-140d-4688-937e-926d1250febd}.Debug|Win32.ActiveCfg = Debug|Win32
		{18b45926-140d-4688-937e-926d1250febd}.Debug|Win32.Build.0 = Debug|Win32
		{18b45926-140d-4688-937e-926d1250febd}.Release|Win32.ActiveCfg = Release|Win32
		{18b45926-140d-4688-937e-926d1250febd}.Release|Win32.Build.0 = Release|Win32
		{2b84c2e0-88bb-4f52-bc59-ed9481cd35be}.Debug|Win32.ActiveCfg = Debug|Win32
		{2b84c2e0-88bb-4f52-bc59-ed9481cd35be}.Debug|Win32.Build.0 = Debug|Win32
		{2b84c2e0-88bb-4f52-bc59-ed9481cd35be}.Release|Win32.ActiveCfg = Release|Win32
		{2b84c2e0-88bb-4f52-bc59-ed9481cd35be}.Release|Win32.Build.0 = Release|Win32
		{52c0cbe7-eb98-4a7b-8704-e792da504387}.Debug|Win32.ActiveCfg = Debug|Win32
		{52c0cbe7-eb98-4a7b-8704-e792da504387}.Debug|Win32.Build.0 = Debug|Win32
		{52c0cbe7-eb98-4a7b-8704-e792da504387}.Release|Win32.ActiveCfg = Release|Win32
		{52c0cbe7-eb98-4a7b-8704-e792da504387}.Release|Win32.Build.0 = Release|Win32
		{8b32aa15-574b-4fc6-9d21-36d0aecf3ff9}.Debug|Win32.ActiveCfg = Debug|Win32
		{8b32aa15-574b-4fc6-9d21-36d0aecf3ff9}.Debug|Win32.Build.0 = Debug|Win32
		{8b32aa15-574b-4fc6-9d21-36d0aecf3ff9}.Release|Win32.ActiveCfg = Release|Win32
		{8b32aa15-574b-4fc6-9d21-36d0aecf3ff9}.Release|Win32.Build.0 = Release|Win32
		{68fc403b-3517-49c5-b57b-f590f722cf89}.Debug|Win32.ActiveCfg = Debug|Win32
		{68fc403b-3517-49c5-b57b-f590f722cf89}.Debug|Win32.Build.0 = Debug|Win32
		{68fc403b-3517-49c5-b57b-f590f722cf89}.Release|Win32.ActiveCfg = Release|Win32
		{68fc403b-3517-49c5-b57b-f590f722cf89}.Release|Win32.Build.0 = Release|Win32
		{e8d26073-a22a-4d72-aef6-0b9e9078c1d2}.Debug|Win32.ActiveCfg = Debug|Win32
		{e8d26073-a22a-4d72-aef6-0b9e9078c1d2}.Debug|Win32.Build.0 = Debug|Win32
		{e8d26073-a22a-4d72-aef6-0b9e9078c1d2}.Release|Win32.ActiveCfg = Release|Win32
		{e8d26073-a22a-4d72-aef6-0b9e9078c1d2}.Release|Win32.Build.0 = Release|Win32
		{1fd2248c-2857-404f-b8c8-bbe7089b469e}.Debug|Win32.ActiveCfg = Debug|Win32
		{1fd2248c-2857-404f-b8c8-bbe7089b469e}.Debug|Win32.Build.0 = Debug|Win32
		{1fd2248c-2857-404f-b8c8-bbe7089b469e}.Release|Win32.ActiveCfg = Release|Win32
		{1fd2248c-2857-404f-b8c8-bbe7089b469e}.Release|Win32.Build.0 = Release|Win32
		{b690bbdf-fc9c-4280-89aa-db8af57a093a}.Debug|Win32.ActiveCfg = Debug|Win32
		{b690bbdf-fc9c-4280-89aa-db8af57a093a}.Debug|Win32.Build.0 = Debug|Win32
		{b690bbdf-fc9c-4280-89aa-db8af57a093a}.Release|Win32.ActiveCfg = Release|Win32
		{b690bbdf-fc9c-4280-89aa-db8af57a093a}.Release|Win32.Build.0 = Release|Win32
		{97835493-3e34-48c3-8a34-43d61177e134}.Debug|Win32.ActiveCfg = Debug|Win32
		{97835493-3e34-48c3-8a34-43d61177e134}.Debug|Win32.Build.0 = Debug|Win32
		{97835493-3e34-48c3-8a34-43d61177e134}.Release|Win32.ActiveCfg = Release|Win32
		{97835493-3e34-48c3-8a34-43d61177e134}.Release|Win32.Build.0 = Release|Win32
		{12851107-a616-4239-95f8-1b3aeebba5ec}.Debug|Win32.ActiveCfg = Debug|Win32
		{12851107-a616-4239-95f8-1b3aeebba5ec}.Debug|Win32.Build.0 = Debug|Win32
		{12851107-a616-4239-95f8-1b3aeebba5ec}.Release|Win32.ActiveCfg = Release|Win32
		{12851107-a616-4239-95f8-1b3aeebba5ec}.Release|Win32.Build.0 = Release|Win32
		{a2b8d084-31a1-45c4-bdeb-f42a7aac9fc2}.Debug|Win32.ActiveCfg = Debug|Win32
		{a2b8d084-31a1-45c4-bdeb-f42a7aac9fc2}.Debug|Win32.Build.0 = Debug|Win32
		{a2b8d084-31a1-45c4-bdeb-f42a7aac9fc2}.Release|Win32.ActiveCfg = Release|Win32
		{a2b8d084-31a1-45c4-bdeb-f42a7aac9fc2}.Release|Win32.Build.0 = Release|Win32
		{29b647c5-82cf-47bb-aa4f-885dcb373e6b}.Debug|Win32.ActiveCfg = Debug|Win32
		{29b647c5-82cf-47bb-aa4f-885dcb373e6b}.Debug|Win32.Build.0 = Debug|Win32
		{29b647c5-82cf-47bb-aa4f-885dcb373e6b}.Release|Win32.ActiveCfg = Release|Win32
		{29b647c5-82cf-47bb-aa4f-885dcb373e6b}.Release|Win32.Build.0 = Release|Win32
		{fdcb951f-118f-4ed4-b92d-542cd4814818}.Debug|Win32.ActiveCfg = Debug|Win32
		{fdcb951f-118f-4ed4-b92d-542cd4814818}.Debug|Win32.Build.0 = Debug|Win32
		{fdcb951f-118f-4ed4-b92d-542cd4814818}.Release|Win32.ActiveCfg = Release|Win32
		{fdcb951f-118f-4ed4-b92d-542cd4814818}.Release|Win32.Build.0 = Release|Win32
		{01c08921-2842-4221-b48a-3fd8b400c46c}.Debug|Win32.ActiveCfg = Debug|Win32
		{01c08921-2842-4221-b48a-3fd8b400c46c}.Debug|Win32.Build.0 = Debug|Win32
		{01c08921-2842-4221-b48a-3fd8b400c46c}.Release|Win32.ActiveCfg = Release|Win32
		{01c08921-2842-4221-b48a-3fd8b400c46c}.Release|Win32.Build.0 = Release|Win32
		{e8a8726a-b0b2-4904-86ed-f3e2ab86704e}.Debug|Win32.ActiveCfg = Debug|Win32
		{e8a8726a-b0b2-4904-86ed-f3e2ab86704e}.Debug|Win32.Build.0 = Debug|Win32
		{e8a8726a-b0b2-4904-86ed-f3e2ab86704e}.Release|Win32.ActiveCfg = Release|Win32
		{e8a8726a-b0b2-4904-86ed-f3e2ab86704e}.Release|Win32.Build.0 = Release|Win32
		{d48553a2-283f-42cf-ad7d-de85d1506b3c}.Debug|Win32.ActiveCfg = Debug|Win32
		{d48553a2-283f-42cf-ad7d-de85d1506b3c}.Debug|Win32.Build.0 = Debug|Win32
		{d48553a2-283f-42cf-ad7d-de85d1506b3c}.Release|Win32.ActiveCfg = Release|Win32
		{d48553a2-283f-42cf-ad7d-de85d1506b3c}.Release|Win32.Build.0 = Release|Win32
		{bfe85281-3382-4348-9f8e-8cccc3fe828d}.Debug|Win32.ActiveCfg = Debug|Win32
		{bfe85281-3382-4348-9f8e-8cccc3fe828d}.Debug|Win32.Build.0 = Debug|Win32
		{bfe85281-3382-4348-9f8e-8cccc3fe828d}.Release|Win32.ActiveCfg = Release|Win32
		{bfe85281-3382-4348-9f8e-8cccc3fe828d}.Release|Win32.Build.0 = Release|Win32
		{9273b67f-e56d-4411-8b3a-74eaec0013eb}.Debug|Win32.ActiveCfg = Debug|Win32
		{9273b67f-e56d-4411-8b3a-74eaec0013eb}.Debug|Win32.Build.0 = Debug|Win32
		{9273b67f-e56d-4411-8b3a-74eaec0013eb}.Release|Win32.ActiveCfg = Release|Win32
		{9273b67f-e56d-4411-8b3a-74eaec0013eb}.Release|Win32.Build.0 = Release|Win32
		{67144c53-7b42-4fbf-b74f-64039a0d990f}.Debug|Win32.ActiveCfg = Debug|Win32
		{67144c53-7b42-4fbf-b74f-64039a0d990f}.Debug|Win32.Build.0 = Debug|Win32
		{67144c53-7b42-4fbf-b74f-64039a0d990f}.Release|Win32.ActiveCfg = Release|Win32
		{67144c53-7b42-4fbf-b74f-64039a0d990f}.Release|Win32.Build.0 = Release|Win32
		{ad7a6c9a-73b0-434f-a35a-db1bd47f7a1b}.Debug|Win32.ActiveCfg = Debug|Win32
		{ad7a6c9a-73b0-434f-a35a-db1bd47f7a1b}.Debug|Win32.Build.0 = Debug|Win32
		{ad7a6c9a-73b0-434f-a35a-db1bd47f7a1b}.Release|Win32.ActiveCfg = Release|Win32
		{ad7a6c9a-73b0-434f-a35a-db1bd47f7a1b}.Release|Win32.Build.0 = Release|Win32
		{f5ff8b57-cfdc-48cc-812e-526f95eed0e5}.Debug|Win32.ActiveCfg = Debug|Win32
		{f5ff8b57-cfdc-48cc-812e-526f95eed0e5}.Debug|Win32.Build.0 = Debug|Win32
		{f5ff8b57-cfdc-48cc-812e-526f95eed0e5}.Release|Win32.ActiveCfg = Release|Win32
		{f5ff8b57-cfdc-48cc-812e-526f95eed0e5}.Release|Win32.Build.0 = Release|Win32
		{5545076a-55dc-42f0-9cf4-45b075b41b15}.Debug|Win32.ActiveCfg = Debug|Win32
		{5545076a-55dc-42f0-9cf4-45b075b41b15}.Debug|Win32.Build.0 = Debug|Win32
		{5545076a-55dc-42f0-9cf4-45b075b41b15}.Release|Win32.ActiveCfg = Release|Win32
		{5545076a-55dc-42f0-9cf4-45b075b41b15}.Release|Win32.Build.0 = Release|Win32
		{6a50efec-6f8e-48e7-85e7-ec0e9aae4d9a}.Debug|Win32.ActiveCfg = Debug|Win32
		{6a50efec-6f8e-48e7-85e7-ec0e9aae4d9a}.Debug|Win32.Build.0 = Debug|Win32
		{6a50efec-6f8e-48e7-85e7-ec0e9aae4d9a}.Release|Win32.ActiveCfg = Release|Win32
		{6a50efec-6f8e-48e7-85e7-ec0e9aae4d9a}.Release|Win32.Build.0 = Release|Win32
		{16b56ee3-4c7b-42ed-930e-0186333faf6a}.Debug|Win32.ActiveCfg = Debug|Win32
		{16b56ee3-4c7b-42ed-930e-0186333faf6a}.Debug|Win32.Build.0 = Debug|Win32
		{16b56ee3-4c7b-42ed-930e-0186333faf6a}.Release|Win32.ActiveCfg = Release|Win32
		{16b56ee3-4c7b-42ed-930e-0186333faf6a}.Release|Win32.Build.0 = Release|Win32
		{cffd8a62-1619-4008-9264-4e7ff96fd2f1}.Debug|Win32.ActiveCfg = Debug|Win32
		{cffd8a62-1619-4008-9264-4e7ff96fd2f1}.Debug|Win32.Build.0 = Debug|Win32
		{cffd8a62-1619-4008-9264-4e7ff96fd2f1}.Release|Win32.ActiveCfg = Release|Win32
		{cffd8a62-1619-4008-9264-4e7ff96fd2f1}.Release|Win32.Build.0 = Release|Win32
		{a1f5bfec-65f2-4ade-a7f9-09a9aac8db92}.Debug|Win32.ActiveCfg = Debug|Win32
		{a1f5bfec-65f2-4ade-a7f9-09a9aac8db92}.Debug|Win32.Build.0 = Debug|Win32
		{a1f5bfec-65f2-4ade-a7f9-09a9aac8db92}.Release|Win32.ActiveCfg = Release|Win32
		{a1f5bfec-65f2-4ade-a7f9-09a9aac8db92}.Release|Win32.Build.0 = Release|Win32
		{51522aad-a30c-4023-a3c3-97b8f2bb7156}.Debug|Win32.ActiveCfg = Debug|Win32
		{51522aad-a30c-4023-a3c3-97b8f2bb7156}.Debug|Win32.Build.0 = Debug|Win32
		{51522aad-a30c-4023-a3c3-97b8f2bb7156}.Release|Win32.ActiveCfg = Release|Win32
		{51522aad-a30c-4023-a3c3-97b8f2bb7156}.Release|Win32.Build.0 = Release|Win32
		{78716a58-d85b-4389-9608-e5f7c0e6830e}.Debug|Win32.ActiveCfg = Debug|Win32
		{78716a58-d85b-4389-9608-e5f7c0e6830e}.Debug|Win32.Build.0 = Debug|Win32
		{78716a58-d85b-4389-9608-e5f7c0e6830e}.Release|Win32.ActiveCfg = Release|Win32
		{78716a58-d85b-4389-9608-e5f7c0e6830e}.Release|Win32.Build.0 = Release|Win32
		{e80d6d64-0f5d-4856-9489-bd4591563eab}.Debug|Win32.ActiveCfg = Debug|Win32
		{e80d6d64-0f5d-4856-9489-bd4591563eab}.Debug|Win32.Build.0 = Debug|Win32
		{e80d6d64-0f5d-4856-9489-bd4591563eab}.Release|Win32.ActiveCfg = Release|Win32
		{e80d6d64-0f5d-4856-9489-bd4591563eab}.Release|Win32.Build.0 = Release|Win32
		{75234586-bf63-48bb-99f7-e3831518789b}.Debug|Win32.ActiveCfg = Debug|Win32
		{75234586-bf63-48bb-99f7-e3831518789b}.Debug|Win32.Build.0 = Debug|Win32
		{75234586-bf63-48bb-99f7-e3831518789b}.Release|Win32.ActiveCfg = Release|Win32
		{75234586-bf63-48bb-99f7-e3831518789b}.Release|Win32.Build.0 = Release|Win32
		{4b47772a-a198-4b4c-ad6d-d1c671b817ec}.Debug|Win32.ActiveCfg = Debug|Win32
		{4b47772a-a198-4b4c-ad6d-d1c671b817ec}.Debug|Win32.Build.0 = Debug|Win32
		{4b47772a-a198-4b4c-ad6d-d1c671b817ec}.Release|Win32.ActiveCfg = Release|Win32
		{4b47772a-a198-4b4c-ad6d-d1c671b817ec}.Release|Win32.Build.0 = Release|Win32
		{ba7f2601-6894-461d-aa3c-87798334b1a6}.Debug|Win32.ActiveCfg = Debug|Win32
		{ba7f2601-6894-461d-aa3c-87798334b1a6}.Debug|Win32.Build.0 = Debug|Win32
		{ba7f2601-6894-461d-aa3c-87798334b1a6}.Release|Win32.ActiveCfg = Release|Win32
		{ba7f2601-6894-461d-aa3c-87798334b1a6}.Release|Win32.Build.0 = Release|Win32
		{cbea3c37-5c14-482c-8ef1-4bd798a6916b}.Debug|Win32.ActiveCfg = Debug|Win32
		{cbea3c37-5c14-482c-8ef1-4bd798a6916b}.Debug|Win32.Build.0 = Debug|Win32
		{cbea3c37-5c14-482c-8ef1-4bd798a6916b}.Release|Win32.ActiveCfg = Release|Win32
		{cbea3c37-5c14-482c-8ef1-4bd798a6916b}.Release|Win32.Build.0 = Release|Win32
		{4106388b-0b1f-412d-88de-910a7ccdacb3}.Debug|Win32.ActiveCfg = Debug|Win32
		{4106388b-0b1f-412d-88de-910a7ccdacb3}.Debug|Win32.Build.0 = Debug|Win32
		{4106388b-0b1f-412d-88de-910a7ccdacb3}.Release|Win32.ActiveCfg = Release|Win32
		{4106388b-0b1f-412d-88de-910a7ccdacb3}.Release|Win32.Build.0 = Release|Win32
		{2388388f-7913-4944-9f10-f12ac3a8769b}.Debug|Win32.ActiveCfg = Debug|Win32
		{2388388f-7913-4944-9f10-f12ac3a8769b}.Debug|Win32.Build.0 = Debug|Win32
		{2388388f-7913-4944-9f10-f12ac3a8769b}.Release|Win32.ActiveCfg = Release|Win32
		{2388388f-7913-4944-9f10-f12ac3a8769b}.Release|Win32.Build.0 = Release|Win32
		{2b9d5103-f642-4cf6-873a-39bec37ca885}.Debug|Win32.ActiveCfg = Debug|Win32
		{2b9d5103-f642-4cf6-873a-39bec37ca885}.Debug|Win32.Build.0 = Debug|Win32
		{2b9d5103-f642-4cf6-873a-39bec37ca885}.Release|Win32.ActiveCfg = Release|Win32
		{2b9d5103-f642-4cf6-873a-39bec37ca885}.Release|Win32.Build.0 = Release|Win32
		{da49a62c-cdf7-441f-8caa-72f8b88d82e5}.Debug|Win32.ActiveCfg = Debug|Win32
		{da49a62c-cdf7-441f-8caa-72f8b88d82e5}.Debug|Win32.Build.0 = Debug|Win32
		{da49a62c-cdf7-441f-8caa-72f8b88d82e5}.Release|Win32.ActiveCfg = Release|Win32
		{da49a62c-cdf7-441f-8caa-72f8b88d82e5}.Release|Win32.Build.0 = Release|Win32
       EndGlobalSection
	GlobalSection(SolutionProperties) = preSolution
		HideSolutionNode = FALSE
	EndGlobalSection
EndGlobal
