Microsoft Visual Studio Solution File, Format Version 11.00
# Visual C++ Express 2010
Project("{8BC9CEB8-8B4A-11D0-8D11-00A0C91BC942}") = "RavlAAM", "RavlAAM.vcxproj", "{709853A8-85CA-40B3-A309-854616226AF7}"
EndProject
Project("{8BC9CEB8-8B4A-11D0-8D11-00A0C91BC942}") = "RavlImageIO", "RavlImageIO.vcxproj", "{04294BBD-E19D-4A26-BB44-FB3A37AF5931}"
EndProject
Project("{8BC9CEB8-8B4A-11D0-8D11-00A0C91BC942}") = "fann", "fann.vcxproj", "{653C0376-8D87-4603-8376-6ABDE0B48177}"
EndProject
Project("{8BC9CEB8-8B4A-11D0-8D11-00A0C91BC942}") = "ccmath", "ccmath.vcxproj", "{A654CD99-80B6-4B74-A643-05786003E22E}"
EndProject
Project("{8BC9CEB8-8B4A-11D0-8D11-00A0C91BC942}") = "RavlAudioFeatures", "RavlAudioFeatures.vcxproj", "{313F4E2B-9975-4225-83FF-0DD5A610BE7F}"
EndProject
Project("{8BC9CEB8-8B4A-11D0-8D11-00A0C91BC942}") = "RavlCore", "RavlCore.vcxproj", "{7B8A6B34-2D10-4DFF-B20D-A5A642A253D1}"
EndProject
Project("{8BC9CEB8-8B4A-11D0-8D11-00A0C91BC942}") = "RavlExtImgIO", "RavlExtImgIO.vcxproj", "{C44C49DD-7AF9-412E-9F24-803D62DBC2AC}"
EndProject
Project("{8BC9CEB8-8B4A-11D0-8D11-00A0C91BC942}") = "RavlGUI2D", "RavlGUI2D.vcxproj", "{F3F2E057-1FD7-4FCB-9CCE-BBAC4EE4B3A9}"
EndProject
Project("{8BC9CEB8-8B4A-11D0-8D11-00A0C91BC942}") = "Optimisation", "Optimisation.vcxproj", "{D0D3E1B0-1EEA-4C3C-B52D-70EE594A49B5}"
EndProject
Project("{8BC9CEB8-8B4A-11D0-8D11-00A0C91BC942}") = "RavlAudioIO", "RavlAudioIO.vcxproj", "{0AD22430-63B1-415D-BF68-BA6FE6E54386}"
EndProject
Project("{8BC9CEB8-8B4A-11D0-8D11-00A0C91BC942}") = "RavlXMPP", "RavlXMPP.vcxproj", "{A2354247-F5C8-4F17-8FF1-888E7124C94C}"
EndProject
Project("{8BC9CEB8-8B4A-11D0-8D11-00A0C91BC942}") = "RavlKalmanFilter", "RavlKalmanFilter.vcxproj", "{0D3733F7-D2A0-42DB-889D-B221DA1C3C97}"
EndProject
Project("{8BC9CEB8-8B4A-11D0-8D11-00A0C91BC942}") = "RavlOptimise", "RavlOptimise.vcxproj", "{75F1DA51-260C-432E-B106-BBA50F8A50D4}"
EndProject
Project("{8BC9CEB8-8B4A-11D0-8D11-00A0C91BC942}") = "RavlMath", "RavlMath.vcxproj", "{52235EA9-8FDD-46D4-93DC-05AAE1F34740}"
EndProject
Project("{8BC9CEB8-8B4A-11D0-8D11-00A0C91BC942}") = "RavlDataServer", "RavlDataServer.vcxproj", "{00FB177B-871A-40A7-97E8-5B7D2BB58454}"
EndProject
Project("{8BC9CEB8-8B4A-11D0-8D11-00A0C91BC942}") = "RavlOS", "RavlOS.vcxproj", "{1FBCB179-25C8-4951-B09C-B2FAF5CF63D5}"
EndProject
Project("{8BC9CEB8-8B4A-11D0-8D11-00A0C91BC942}") = "RavlImage", "RavlImage.vcxproj", "{3432CA2D-CD16-46C4-9916-EAD3F96DDD40}"
EndProject
Project("{8BC9CEB8-8B4A-11D0-8D11-00A0C91BC942}") = "RavlLogicNLP", "RavlLogicNLP.vcxproj", "{E07F3763-2D10-47A1-BC03-7929F9953516}"
EndProject
Project("{8BC9CEB8-8B4A-11D0-8D11-00A0C91BC942}") = "RavlPatternRecIO", "RavlPatternRecIO.vcxproj", "{52E43FBE-DE34-4547-8883-C68A3E9872EE}"
EndProject
Project("{8BC9CEB8-8B4A-11D0-8D11-00A0C91BC942}") = "Ravl3D", "Ravl3D.vcxproj", "{F92E7A16-AD15-46B1-B821-F9618A02431E}"
EndProject
Project("{8BC9CEB8-8B4A-11D0-8D11-00A0C91BC942}") = "RavlDPDisplay", "RavlDPDisplay.vcxproj", "{459496D5-10F4-4CDE-8B74-DFA546B57B09}"
EndProject
Project("{8BC9CEB8-8B4A-11D0-8D11-00A0C91BC942}") = "Ravl3DIO", "Ravl3DIO.vcxproj", "{FFEEE78D-5167-4963-99D4-1EB8FDC0DB73}"
EndProject
Project("{8BC9CEB8-8B4A-11D0-8D11-00A0C91BC942}") = "RavlGUIUtil", "RavlGUIUtil.vcxproj", "{71C3DF0F-98EE-4463-8C1E-839DEED014BC}"
EndProject
Project("{8BC9CEB8-8B4A-11D0-8D11-00A0C91BC942}") = "RavlGUI", "RavlGUI.vcxproj", "{95225A0E-0616-4AB7-92D3-67C2467C249C}"
EndProject
Project("{8BC9CEB8-8B4A-11D0-8D11-00A0C91BC942}") = "RavlSerialIO", "RavlSerialIO.vcxproj", "{CDE5FBBE-44A4-4254-896E-1719EBE6BA84}"
EndProject
Project("{8BC9CEB8-8B4A-11D0-8D11-00A0C91BC942}") = "RavlSourceTools", "RavlSourceTools.vcxproj", "{367FE45D-E65C-437C-AEAB-D057F7E46A59}"
EndProject
Project("{8BC9CEB8-8B4A-11D0-8D11-00A0C91BC942}") = "RavlChartDetector", "RavlChartDetector.vcxproj", "{2A31CDB9-B786-4103-A34F-245DC7D92083}"
EndProject
Project("{8BC9CEB8-8B4A-11D0-8D11-00A0C91BC942}") = "RavlIO", "RavlIO.vcxproj", "{693DE8CB-43EA-4DE2-ADF8-264200522CD6}"
EndProject
Project("{8BC9CEB8-8B4A-11D0-8D11-00A0C91BC942}") = "RavlImageProc", "RavlImageProc.vcxproj", "{5655CE67-B0CE-48AD-B647-AFF14B3994BF}"
EndProject
Project("{8BC9CEB8-8B4A-11D0-8D11-00A0C91BC942}") = "RavlGeneticOptimisation", "RavlGeneticOptimisation.vcxproj", "{3EDC3C4E-0689-4C3A-8F2C-F09108C628C5}"
EndProject
Project("{8BC9CEB8-8B4A-11D0-8D11-00A0C91BC942}") = "RavlMathIO", "RavlMathIO.vcxproj", "{56CB48F1-B8E7-44A9-988F-D3C6FC33FC3C}"
EndProject
Project("{8BC9CEB8-8B4A-11D0-8D11-00A0C91BC942}") = "RavlLogicAgent", "RavlLogicAgent.vcxproj", "{D3EC5A6F-BEDD-436A-9B28-38FDB4C51AB8}"
EndProject
Project("{8BC9CEB8-8B4A-11D0-8D11-00A0C91BC942}") = "RavlAutoPort2", "RavlAutoPort2.vcxproj", "{06F6B2DB-25A5-4B95-A25F-D3F505541B85}"
EndProject
Project("{8BC9CEB8-8B4A-11D0-8D11-00A0C91BC942}") = "RavlCameraCal", "RavlCameraCal.vcxproj", "{E4BECFD4-CF7A-44D6-9C15-587620649BC0}"
EndProject
Project("{8BC9CEB8-8B4A-11D0-8D11-00A0C91BC942}") = "RavlAudioUtil", "RavlAudioUtil.vcxproj", "{82696171-290B-4A71-A73F-9018A51ADEDD}"
EndProject
Project("{8BC9CEB8-8B4A-11D0-8D11-00A0C91BC942}") = "RavlHMM", "RavlHMM.vcxproj", "{2A372752-462C-44C5-8B9F-D6545DE2CA0A}"
EndProject
Project("{8BC9CEB8-8B4A-11D0-8D11-00A0C91BC942}") = "RavlOSIO", "RavlOSIO.vcxproj", "{AEDD1E3D-3796-4FA4-9BAD-0187555BB4F4}"
EndProject
Project("{8BC9CEB8-8B4A-11D0-8D11-00A0C91BC942}") = "RavlSVM", "RavlSVM.vcxproj", "{D7B90DAA-C79A-4631-A18C-3289C63AC2E9}"
EndProject
Project("{8BC9CEB8-8B4A-11D0-8D11-00A0C91BC942}") = "RavlMPEG2", "RavlMPEG2.vcxproj", "{AFD06607-5976-46B2-B329-90E876246636}"
EndProject
Project("{8BC9CEB8-8B4A-11D0-8D11-00A0C91BC942}") = "RavlLogic", "RavlLogic.vcxproj", "{72B258C2-B83D-4F7F-91A5-C390A9AAB38F}"
EndProject
Project("{8BC9CEB8-8B4A-11D0-8D11-00A0C91BC942}") = "RavlXMLFactory", "RavlXMLFactory.vcxproj", "{320E0B93-8E39-4A0E-9492-22E60B8018BC}"
EndProject
Project("{8BC9CEB8-8B4A-11D0-8D11-00A0C91BC942}") = "RavlVideo", "RavlVideo.vcxproj", "{E37F14D2-DCFB-4652-88DC-E63BE42F0AB6}"
EndProject
Project("{8BC9CEB8-8B4A-11D0-8D11-00A0C91BC942}") = "RavlAV", "RavlAV.vcxproj", "{FFA71AE2-D188-4175-A0E5-8D3E18E69487}"
EndProject
Project("{8BC9CEB8-8B4A-11D0-8D11-00A0C91BC942}") = "RavlVideoIO", "RavlVideoIO.vcxproj", "{50116F9E-E22D-4B81-9B63-38EB3EB4DA5B}"
EndProject
Project("{8BC9CEB8-8B4A-11D0-8D11-00A0C91BC942}") = "RavlNet", "RavlNet.vcxproj", "{5EC1E52B-8018-4619-9C37-26869165C8A1}"
EndProject
Project("{8BC9CEB8-8B4A-11D0-8D11-00A0C91BC942}") = "RavlZLib", "RavlZLib.vcxproj", "{E723A47E-97E8-43EF-9629-66121D5EE15B}"
EndProject
Project("{8BC9CEB8-8B4A-11D0-8D11-00A0C91BC942}") = "RavlAAMGUI", "RavlAAMGUI.vcxproj", "{D2389028-1A77-482B-8067-920506FE0759}"
EndProject
Project("{8BC9CEB8-8B4A-11D0-8D11-00A0C91BC942}") = "RavlThreads", "RavlThreads.vcxproj", "{210F9972-F70E-4423-930E-969C24BF8AC8}"
EndProject
Project("{8BC9CEB8-8B4A-11D0-8D11-00A0C91BC942}") = "RavlDPMT", "RavlDPMT.vcxproj", "{4D6DDFA4-9F2C-4086-8B01-804DECE20AEE}"
EndProject
Project("{8BC9CEB8-8B4A-11D0-8D11-00A0C91BC942}") = "RavlPatternRec", "RavlPatternRec.vcxproj", "{A2B36D9E-AA0D-42B7-A16C-65A9B824FE29}"
EndProject
Project("{8BC9CEB8-8B4A-11D0-8D11-00A0C91BC942}") = "RavlGeneticProgram", "RavlGeneticProgram.vcxproj", "{FAF3051E-3422-4DC9-9A13-7D6F7B669F03}"
EndProject
Project("{8BC9CEB8-8B4A-11D0-8D11-00A0C91BC942}") = "ArffIO", "ArffIO.vcxproj", "{4986E692-9886-45C4-A3C7-0942DE8FABBC}"
EndProject
Project("{8BC9CEB8-8B4A-11D0-8D11-00A0C91BC942}") = "RavlImageXMLFactory", "RavlImageXMLFactory.vcxproj", "{826FFE56-5963-436B-A4DF-EDB97BEE67F3}"
EndProject
Project("{8BC9CEB8-8B4A-11D0-8D11-00A0C91BC942}") = "exGeneticOptimisation", "Examples\exGeneticOptimisation.vcxproj", "{6FA79F27-F460-4BFB-AB11-EFE62B5124D3}"
EndProject
Global
	GlobalSection(SolutionConfigurationPlatforms) = preSolution
		Debug|Win32 = Debug|Win32
		Release|Win32 = Release|Win32
	EndGlobalSection
	GlobalSection(ProjectConfigurationPlatforms) = postSolution
		{709853A8-85CA-40B3-A309-854616226AF7}.Debug|Win32.ActiveCfg = Debug|Win32
		{709853A8-85CA-40B3-A309-854616226AF7}.Release|Win32.ActiveCfg = Release|Win32
		{04294BBD-E19D-4A26-BB44-FB3A37AF5931}.Debug|Win32.ActiveCfg = Debug|Win32
		{04294BBD-E19D-4A26-BB44-FB3A37AF5931}.Release|Win32.ActiveCfg = Release|Win32
		{653C0376-8D87-4603-8376-6ABDE0B48177}.Debug|Win32.ActiveCfg = Debug|Win32
		{653C0376-8D87-4603-8376-6ABDE0B48177}.Release|Win32.ActiveCfg = Release|Win32
		{A654CD99-80B6-4B74-A643-05786003E22E}.Debug|Win32.ActiveCfg = Debug|Win32
		{A654CD99-80B6-4B74-A643-05786003E22E}.Release|Win32.ActiveCfg = Release|Win32
		{313F4E2B-9975-4225-83FF-0DD5A610BE7F}.Debug|Win32.ActiveCfg = Debug|Win32
		{313F4E2B-9975-4225-83FF-0DD5A610BE7F}.Release|Win32.ActiveCfg = Release|Win32
		{7B8A6B34-2D10-4DFF-B20D-A5A642A253D1}.Debug|Win32.ActiveCfg = Debug|Win32
		{7B8A6B34-2D10-4DFF-B20D-A5A642A253D1}.Release|Win32.ActiveCfg = Release|Win32
		{7B8A6B34-2D10-4DFF-B20D-A5A642A253D1}.Release|Win32.Build.0 = Release|Win32
		{C44C49DD-7AF9-412E-9F24-803D62DBC2AC}.Debug|Win32.ActiveCfg = Debug|Win32
		{C44C49DD-7AF9-412E-9F24-803D62DBC2AC}.Release|Win32.ActiveCfg = Release|Win32
		{F3F2E057-1FD7-4FCB-9CCE-BBAC4EE4B3A9}.Debug|Win32.ActiveCfg = Debug|Win32
		{F3F2E057-1FD7-4FCB-9CCE-BBAC4EE4B3A9}.Release|Win32.ActiveCfg = Release|Win32
		{D0D3E1B0-1EEA-4C3C-B52D-70EE594A49B5}.Debug|Win32.ActiveCfg = Debug|Win32
		{D0D3E1B0-1EEA-4C3C-B52D-70EE594A49B5}.Release|Win32.ActiveCfg = Release|Win32
		{0AD22430-63B1-415D-BF68-BA6FE6E54386}.Debug|Win32.ActiveCfg = Debug|Win32
		{0AD22430-63B1-415D-BF68-BA6FE6E54386}.Release|Win32.ActiveCfg = Release|Win32
		{A2354247-F5C8-4F17-8FF1-888E7124C94C}.Debug|Win32.ActiveCfg = Debug|Win32
		{A2354247-F5C8-4F17-8FF1-888E7124C94C}.Release|Win32.ActiveCfg = Release|Win32
		{0D3733F7-D2A0-42DB-889D-B221DA1C3C97}.Debug|Win32.ActiveCfg = Debug|Win32
		{0D3733F7-D2A0-42DB-889D-B221DA1C3C97}.Release|Win32.ActiveCfg = Release|Win32
		{75F1DA51-260C-432E-B106-BBA50F8A50D4}.Debug|Win32.ActiveCfg = Debug|Win32
		{75F1DA51-260C-432E-B106-BBA50F8A50D4}.Release|Win32.ActiveCfg = Release|Win32
		{52235EA9-8FDD-46D4-93DC-05AAE1F34740}.Debug|Win32.ActiveCfg = Debug|Win32
		{52235EA9-8FDD-46D4-93DC-05AAE1F34740}.Release|Win32.ActiveCfg = Release|Win32
		{00FB177B-871A-40A7-97E8-5B7D2BB58454}.Debug|Win32.ActiveCfg = Debug|Win32
		{00FB177B-871A-40A7-97E8-5B7D2BB58454}.Release|Win32.ActiveCfg = Release|Win32
		{1FBCB179-25C8-4951-B09C-B2FAF5CF63D5}.Debug|Win32.ActiveCfg = Debug|Win32
		{1FBCB179-25C8-4951-B09C-B2FAF5CF63D5}.Release|Win32.ActiveCfg = Release|Win32
		{1FBCB179-25C8-4951-B09C-B2FAF5CF63D5}.Release|Win32.Build.0 = Release|Win32
		{3432CA2D-CD16-46C4-9916-EAD3F96DDD40}.Debug|Win32.ActiveCfg = Debug|Win32
		{3432CA2D-CD16-46C4-9916-EAD3F96DDD40}.Release|Win32.ActiveCfg = Release|Win32
		{E07F3763-2D10-47A1-BC03-7929F9953516}.Debug|Win32.ActiveCfg = Debug|Win32
		{E07F3763-2D10-47A1-BC03-7929F9953516}.Release|Win32.ActiveCfg = Release|Win32
		{52E43FBE-DE34-4547-8883-C68A3E9872EE}.Debug|Win32.ActiveCfg = Debug|Win32
		{52E43FBE-DE34-4547-8883-C68A3E9872EE}.Release|Win32.ActiveCfg = Release|Win32
		{F92E7A16-AD15-46B1-B821-F9618A02431E}.Debug|Win32.ActiveCfg = Debug|Win32
		{F92E7A16-AD15-46B1-B821-F9618A02431E}.Release|Win32.ActiveCfg = Release|Win32
		{459496D5-10F4-4CDE-8B74-DFA546B57B09}.Debug|Win32.ActiveCfg = Debug|Win32
		{459496D5-10F4-4CDE-8B74-DFA546B57B09}.Release|Win32.ActiveCfg = Release|Win32
		{FFEEE78D-5167-4963-99D4-1EB8FDC0DB73}.Debug|Win32.ActiveCfg = Debug|Win32
		{FFEEE78D-5167-4963-99D4-1EB8FDC0DB73}.Release|Win32.ActiveCfg = Release|Win32
		{71C3DF0F-98EE-4463-8C1E-839DEED014BC}.Debug|Win32.ActiveCfg = Debug|Win32
		{71C3DF0F-98EE-4463-8C1E-839DEED014BC}.Release|Win32.ActiveCfg = Release|Win32
		{95225A0E-0616-4AB7-92D3-67C2467C249C}.Debug|Win32.ActiveCfg = Debug|Win32
		{95225A0E-0616-4AB7-92D3-67C2467C249C}.Release|Win32.ActiveCfg = Release|Win32
		{CDE5FBBE-44A4-4254-896E-1719EBE6BA84}.Debug|Win32.ActiveCfg = Debug|Win32
		{CDE5FBBE-44A4-4254-896E-1719EBE6BA84}.Release|Win32.ActiveCfg = Release|Win32
		{367FE45D-E65C-437C-AEAB-D057F7E46A59}.Debug|Win32.ActiveCfg = Debug|Win32
		{367FE45D-E65C-437C-AEAB-D057F7E46A59}.Release|Win32.ActiveCfg = Release|Win32
		{2A31CDB9-B786-4103-A34F-245DC7D92083}.Debug|Win32.ActiveCfg = Debug|Win32
		{2A31CDB9-B786-4103-A34F-245DC7D92083}.Release|Win32.ActiveCfg = Release|Win32
		{693DE8CB-43EA-4DE2-ADF8-264200522CD6}.Debug|Win32.ActiveCfg = Debug|Win32
		{693DE8CB-43EA-4DE2-ADF8-264200522CD6}.Release|Win32.ActiveCfg = Release|Win32
		{693DE8CB-43EA-4DE2-ADF8-264200522CD6}.Release|Win32.Build.0 = Release|Win32
		{5655CE67-B0CE-48AD-B647-AFF14B3994BF}.Debug|Win32.ActiveCfg = Debug|Win32
		{5655CE67-B0CE-48AD-B647-AFF14B3994BF}.Release|Win32.ActiveCfg = Release|Win32
		{3EDC3C4E-0689-4C3A-8F2C-F09108C628C5}.Debug|Win32.ActiveCfg = Debug|Win32
		{3EDC3C4E-0689-4C3A-8F2C-F09108C628C5}.Release|Win32.ActiveCfg = Release|Win32
		{3EDC3C4E-0689-4C3A-8F2C-F09108C628C5}.Release|Win32.Build.0 = Release|Win32
		{56CB48F1-B8E7-44A9-988F-D3C6FC33FC3C}.Debug|Win32.ActiveCfg = Debug|Win32
		{56CB48F1-B8E7-44A9-988F-D3C6FC33FC3C}.Release|Win32.ActiveCfg = Release|Win32
		{D3EC5A6F-BEDD-436A-9B28-38FDB4C51AB8}.Debug|Win32.ActiveCfg = Debug|Win32
		{D3EC5A6F-BEDD-436A-9B28-38FDB4C51AB8}.Release|Win32.ActiveCfg = Release|Win32
		{06F6B2DB-25A5-4B95-A25F-D3F505541B85}.Debug|Win32.ActiveCfg = Debug|Win32
		{06F6B2DB-25A5-4B95-A25F-D3F505541B85}.Release|Win32.ActiveCfg = Release|Win32
		{E4BECFD4-CF7A-44D6-9C15-587620649BC0}.Debug|Win32.ActiveCfg = Debug|Win32
		{E4BECFD4-CF7A-44D6-9C15-587620649BC0}.Release|Win32.ActiveCfg = Release|Win32
		{82696171-290B-4A71-A73F-9018A51ADEDD}.Debug|Win32.ActiveCfg = Debug|Win32
		{82696171-290B-4A71-A73F-9018A51ADEDD}.Release|Win32.ActiveCfg = Release|Win32
		{2A372752-462C-44C5-8B9F-D6545DE2CA0A}.Debug|Win32.ActiveCfg = Debug|Win32
		{2A372752-462C-44C5-8B9F-D6545DE2CA0A}.Release|Win32.ActiveCfg = Release|Win32
		{AEDD1E3D-3796-4FA4-9BAD-0187555BB4F4}.Debug|Win32.ActiveCfg = Debug|Win32
		{AEDD1E3D-3796-4FA4-9BAD-0187555BB4F4}.Release|Win32.ActiveCfg = Release|Win32
		{D7B90DAA-C79A-4631-A18C-3289C63AC2E9}.Debug|Win32.ActiveCfg = Debug|Win32
		{D7B90DAA-C79A-4631-A18C-3289C63AC2E9}.Release|Win32.ActiveCfg = Release|Win32
		{AFD06607-5976-46B2-B329-90E876246636}.Debug|Win32.ActiveCfg = Debug|Win32
		{AFD06607-5976-46B2-B329-90E876246636}.Release|Win32.ActiveCfg = Release|Win32
		{72B258C2-B83D-4F7F-91A5-C390A9AAB38F}.Debug|Win32.ActiveCfg = Debug|Win32
		{72B258C2-B83D-4F7F-91A5-C390A9AAB38F}.Release|Win32.ActiveCfg = Release|Win32
		{320E0B93-8E39-4A0E-9492-22E60B8018BC}.Debug|Win32.ActiveCfg = Debug|Win32
		{320E0B93-8E39-4A0E-9492-22E60B8018BC}.Release|Win32.ActiveCfg = Release|Win32
		{320E0B93-8E39-4A0E-9492-22E60B8018BC}.Release|Win32.Build.0 = Release|Win32
		{E37F14D2-DCFB-4652-88DC-E63BE42F0AB6}.Debug|Win32.ActiveCfg = Debug|Win32
		{E37F14D2-DCFB-4652-88DC-E63BE42F0AB6}.Release|Win32.ActiveCfg = Release|Win32
		{FFA71AE2-D188-4175-A0E5-8D3E18E69487}.Debug|Win32.ActiveCfg = Debug|Win32
		{FFA71AE2-D188-4175-A0E5-8D3E18E69487}.Release|Win32.ActiveCfg = Release|Win32
		{50116F9E-E22D-4B81-9B63-38EB3EB4DA5B}.Debug|Win32.ActiveCfg = Debug|Win32
		{50116F9E-E22D-4B81-9B63-38EB3EB4DA5B}.Release|Win32.ActiveCfg = Release|Win32
		{5EC1E52B-8018-4619-9C37-26869165C8A1}.Debug|Win32.ActiveCfg = Debug|Win32
		{5EC1E52B-8018-4619-9C37-26869165C8A1}.Release|Win32.ActiveCfg = Release|Win32
		{E723A47E-97E8-43EF-9629-66121D5EE15B}.Debug|Win32.ActiveCfg = Debug|Win32
		{E723A47E-97E8-43EF-9629-66121D5EE15B}.Release|Win32.ActiveCfg = Release|Win32
		{D2389028-1A77-482B-8067-920506FE0759}.Debug|Win32.ActiveCfg = Debug|Win32
		{D2389028-1A77-482B-8067-920506FE0759}.Release|Win32.ActiveCfg = Release|Win32
		{210F9972-F70E-4423-930E-969C24BF8AC8}.Debug|Win32.ActiveCfg = Debug|Win32
		{210F9972-F70E-4423-930E-969C24BF8AC8}.Release|Win32.ActiveCfg = Release|Win32
		{210F9972-F70E-4423-930E-969C24BF8AC8}.Release|Win32.Build.0 = Release|Win32
		{4D6DDFA4-9F2C-4086-8B01-804DECE20AEE}.Debug|Win32.ActiveCfg = Debug|Win32
		{4D6DDFA4-9F2C-4086-8B01-804DECE20AEE}.Release|Win32.ActiveCfg = Release|Win32
		{A2B36D9E-AA0D-42B7-A16C-65A9B824FE29}.Debug|Win32.ActiveCfg = Debug|Win32
		{A2B36D9E-AA0D-42B7-A16C-65A9B824FE29}.Release|Win32.ActiveCfg = Release|Win32
		{FAF3051E-3422-4DC9-9A13-7D6F7B669F03}.Debug|Win32.ActiveCfg = Debug|Win32
		{FAF3051E-3422-4DC9-9A13-7D6F7B669F03}.Release|Win32.ActiveCfg = Release|Win32
		{4986E692-9886-45C4-A3C7-0942DE8FABBC}.Debug|Win32.ActiveCfg = Debug|Win32
		{4986E692-9886-45C4-A3C7-0942DE8FABBC}.Release|Win32.ActiveCfg = Release|Win32
		{826FFE56-5963-436B-A4DF-EDB97BEE67F3}.Debug|Win32.ActiveCfg = Debug|Win32
		{826FFE56-5963-436B-A4DF-EDB97BEE67F3}.Release|Win32.ActiveCfg = Release|Win32
		{6FA79F27-F460-4BFB-AB11-EFE62B5124D3}.Debug|Win32.ActiveCfg = Debug|Win32
		{6FA79F27-F460-4BFB-AB11-EFE62B5124D3}.Debug|Win32.Build.0 = Debug|Win32
		{6FA79F27-F460-4BFB-AB11-EFE62B5124D3}.Release|Win32.ActiveCfg = Release|Win32
		{6FA79F27-F460-4BFB-AB11-EFE62B5124D3}.Release|Win32.Build.0 = Release|Win32
	EndGlobalSection
	GlobalSection(SolutionProperties) = preSolution
		HideSolutionNode = FALSE
	EndGlobalSection
EndGlobal
