Microsoft Visual Studio Solution File, Format Version 9.00
# Visual Studio 2005
Project("{1816c7e6-7f2d-4028-ae54-a23577f8bf8d}") = "RavlAAM", "RavlAAM.vcproj", "{64abea67-bede-415f-8a30-c76217f083f6}"
	ProjectSection(ProjectDependencies) = postProject 
		{bf26cad5-20b4-4fa1-a2b5-1ea1fe018160} = {bf26cad5-20b4-4fa1-a2b5-1ea1fe018160}
		{e19faef0-15fe-4188-ac4b-025cb589ff7c} = {e19faef0-15fe-4188-ac4b-025cb589ff7c}
		{aa4748e4-c788-4eec-ae5a-1adb86a91dc9} = {aa4748e4-c788-4eec-ae5a-1adb86a91dc9}
		{5e1ae0e1-67c3-4e62-a68e-2c71410a0139} = {5e1ae0e1-67c3-4e62-a68e-2c71410a0139}
		{97e7b6ef-0bbf-4d94-a97e-3201d3167064} = {97e7b6ef-0bbf-4d94-a97e-3201d3167064}
		{ee7dbf84-e955-431b-9f19-fe90ead741ed} = {ee7dbf84-e955-431b-9f19-fe90ead741ed}
		{c77c9a5d-2179-42c1-a2db-0a1282919bd3} = {c77c9a5d-2179-42c1-a2db-0a1282919bd3}
		{6015dbdb-2c21-4fc0-a449-05820f7a7047} = {6015dbdb-2c21-4fc0-a449-05820f7a7047}
		{323e4846-1e68-4d9c-b18e-7897d894ced9} = {323e4846-1e68-4d9c-b18e-7897d894ced9}
	EndProjectSection
EndProject
Project("{1816c7e6-7f2d-4028-ae54-a23577f8bf8d}") = "RavlVPlay", "RavlVPlay.vcproj", "{ff642aa4-c2da-4746-a7c2-91f36e714d85}"
	ProjectSection(ProjectDependencies) = postProject 
		{bf26cad5-20b4-4fa1-a2b5-1ea1fe018160} = {bf26cad5-20b4-4fa1-a2b5-1ea1fe018160}
		{97e7b6ef-0bbf-4d94-a97e-3201d3167064} = {97e7b6ef-0bbf-4d94-a97e-3201d3167064}
		{e19faef0-15fe-4188-ac4b-025cb589ff7c} = {e19faef0-15fe-4188-ac4b-025cb589ff7c}
		{90d1a9be-0f20-4ae2-9cee-103df273d848} = {90d1a9be-0f20-4ae2-9cee-103df273d848}
		{b3f295ba-b353-41ea-8f98-a8469b6a8f66} = {b3f295ba-b353-41ea-8f98-a8469b6a8f66}
		{5f4f9a8c-d4a5-4e87-8d45-be95dc293a7a} = {5f4f9a8c-d4a5-4e87-8d45-be95dc293a7a}
		{fc881fcd-0446-468c-98b8-97aaddaa236e} = {fc881fcd-0446-468c-98b8-97aaddaa236e}
		{defe965c-7285-404c-b524-5bfd1e0caa94} = {defe965c-7285-404c-b524-5bfd1e0caa94}
	EndProjectSection
EndProject
Project("{1816c7e6-7f2d-4028-ae54-a23577f8bf8d}") = "RavlImageIO", "RavlImageIO.vcproj", "{2f67aead-12fc-4d1a-a592-a26f47481398}"
	ProjectSection(ProjectDependencies) = postProject 
		{bf26cad5-20b4-4fa1-a2b5-1ea1fe018160} = {bf26cad5-20b4-4fa1-a2b5-1ea1fe018160}
		{6015dbdb-2c21-4fc0-a449-05820f7a7047} = {6015dbdb-2c21-4fc0-a449-05820f7a7047}
		{e19faef0-15fe-4188-ac4b-025cb589ff7c} = {e19faef0-15fe-4188-ac4b-025cb589ff7c}
	EndProjectSection
EndProject
Project("{1816c7e6-7f2d-4028-ae54-a23577f8bf8d}") = "fann", "fann.vcproj", "{932b2f14-5b1c-4cdf-bcbd-c4f08f1a99e1}"
	ProjectSection(ProjectDependencies) = postProject 
		{bf26cad5-20b4-4fa1-a2b5-1ea1fe018160} = {bf26cad5-20b4-4fa1-a2b5-1ea1fe018160}
	EndProjectSection
EndProject
Project("{1816c7e6-7f2d-4028-ae54-a23577f8bf8d}") = "ccmath", "ccmath.vcproj", "{22faf9c8-4c6f-4efb-80d4-d1781a0fc5fd}"
	ProjectSection(ProjectDependencies) = postProject 
		{bf26cad5-20b4-4fa1-a2b5-1ea1fe018160} = {bf26cad5-20b4-4fa1-a2b5-1ea1fe018160}
	EndProjectSection
EndProject
Project("{1816c7e6-7f2d-4028-ae54-a23577f8bf8d}") = "RavlGUIGnome", "RavlGUIGnome.vcproj", "{355463c4-643c-430e-a597-159877e3d851}"
	ProjectSection(ProjectDependencies) = postProject 
		{b3f295ba-b353-41ea-8f98-a8469b6a8f66} = {b3f295ba-b353-41ea-8f98-a8469b6a8f66}
	EndProjectSection
EndProject
Project("{1816c7e6-7f2d-4028-ae54-a23577f8bf8d}") = "RavlLibFFmpeg", "RavlLibFFmpeg.vcproj", "{fa2dc1f1-300f-4849-87f5-86562741538f}"
	ProjectSection(ProjectDependencies) = postProject 
		{e19faef0-15fe-4188-ac4b-025cb589ff7c} = {e19faef0-15fe-4188-ac4b-025cb589ff7c}
		{6015dbdb-2c21-4fc0-a449-05820f7a7047} = {6015dbdb-2c21-4fc0-a449-05820f7a7047}
		{77701f51-e015-454f-9b1e-73565180d0a2} = {77701f51-e015-454f-9b1e-73565180d0a2}
	EndProjectSection
EndProject
Project("{1816c7e6-7f2d-4028-ae54-a23577f8bf8d}") = "RavlAudioFeatures", "RavlAudioFeatures.vcproj", "{9e96091f-6d22-4612-9c53-9292a322749f}"
	ProjectSection(ProjectDependencies) = postProject 
		{a21546c7-ce25-4491-90dc-81e2e1ae145d} = {a21546c7-ce25-4491-90dc-81e2e1ae145d}
		{5e1ae0e1-67c3-4e62-a68e-2c71410a0139} = {5e1ae0e1-67c3-4e62-a68e-2c71410a0139}
		{97e7b6ef-0bbf-4d94-a97e-3201d3167064} = {97e7b6ef-0bbf-4d94-a97e-3201d3167064}
		{ff7ef9d6-2acd-4bb0-b926-110b5afcb34a} = {ff7ef9d6-2acd-4bb0-b926-110b5afcb34a}
	EndProjectSection
EndProject
Project("{1816c7e6-7f2d-4028-ae54-a23577f8bf8d}") = "RavlCore", "RavlCore.vcproj", "{bf26cad5-20b4-4fa1-a2b5-1ea1fe018160}"
	ProjectSection(ProjectDependencies) = postProject 
	EndProjectSection
EndProject
Project("{1816c7e6-7f2d-4028-ae54-a23577f8bf8d}") = "RavlExtImgIO", "RavlExtImgIO.vcproj", "{32387078-f33b-49bd-a318-d6600adc62cc}"
	ProjectSection(ProjectDependencies) = postProject 
		{e19faef0-15fe-4188-ac4b-025cb589ff7c} = {e19faef0-15fe-4188-ac4b-025cb589ff7c}
		{6015dbdb-2c21-4fc0-a449-05820f7a7047} = {6015dbdb-2c21-4fc0-a449-05820f7a7047}
		{2f67aead-12fc-4d1a-a592-a26f47481398} = {2f67aead-12fc-4d1a-a592-a26f47481398}
	EndProjectSection
EndProject
Project("{1816c7e6-7f2d-4028-ae54-a23577f8bf8d}") = "RavlGUI2D", "RavlGUI2D.vcproj", "{fc881fcd-0446-468c-98b8-97aaddaa236e}"
	ProjectSection(ProjectDependencies) = postProject 
		{b3f295ba-b353-41ea-8f98-a8469b6a8f66} = {b3f295ba-b353-41ea-8f98-a8469b6a8f66}
		{e19faef0-15fe-4188-ac4b-025cb589ff7c} = {e19faef0-15fe-4188-ac4b-025cb589ff7c}
		{6015dbdb-2c21-4fc0-a449-05820f7a7047} = {6015dbdb-2c21-4fc0-a449-05820f7a7047}
		{5e1ae0e1-67c3-4e62-a68e-2c71410a0139} = {5e1ae0e1-67c3-4e62-a68e-2c71410a0139}
	EndProjectSection
EndProject
Project("{1816c7e6-7f2d-4028-ae54-a23577f8bf8d}") = "Optimisation", "Optimisation.vcproj", "{323e4846-1e68-4d9c-b18e-7897d894ced9}"
	ProjectSection(ProjectDependencies) = postProject 
		{bf26cad5-20b4-4fa1-a2b5-1ea1fe018160} = {bf26cad5-20b4-4fa1-a2b5-1ea1fe018160}
		{ee7dbf84-e955-431b-9f19-fe90ead741ed} = {ee7dbf84-e955-431b-9f19-fe90ead741ed}
	EndProjectSection
EndProject
Project("{1816c7e6-7f2d-4028-ae54-a23577f8bf8d}") = "RavlAudioIO", "RavlAudioIO.vcproj", "{ff7ef9d6-2acd-4bb0-b926-110b5afcb34a}"
	ProjectSection(ProjectDependencies) = postProject 
		{a21546c7-ce25-4491-90dc-81e2e1ae145d} = {a21546c7-ce25-4491-90dc-81e2e1ae145d}
		{97e7b6ef-0bbf-4d94-a97e-3201d3167064} = {97e7b6ef-0bbf-4d94-a97e-3201d3167064}
		{90d1a9be-0f20-4ae2-9cee-103df273d848} = {90d1a9be-0f20-4ae2-9cee-103df273d848}
	EndProjectSection
EndProject
Project("{1816c7e6-7f2d-4028-ae54-a23577f8bf8d}") = "RavlXMPP", "RavlXMPP.vcproj", "{f2f1e2e3-9a10-4e70-991b-ba694d394a44}"
	ProjectSection(ProjectDependencies) = postProject 
		{97e7b6ef-0bbf-4d94-a97e-3201d3167064} = {97e7b6ef-0bbf-4d94-a97e-3201d3167064}
		{71d0637b-3054-4c75-a82c-a0bcc23cc0ec} = {71d0637b-3054-4c75-a82c-a0bcc23cc0ec}
		{1fa19b50-d03c-4763-bf0e-f417841ff0de} = {1fa19b50-d03c-4763-bf0e-f417841ff0de}
	EndProjectSection
EndProject
Project("{1816c7e6-7f2d-4028-ae54-a23577f8bf8d}") = "RavlKalmanFilter", "RavlKalmanFilter.vcproj", "{9b4d6ae7-d14a-45b4-b03e-85716ac60f08}"
	ProjectSection(ProjectDependencies) = postProject 
		{bf26cad5-20b4-4fa1-a2b5-1ea1fe018160} = {bf26cad5-20b4-4fa1-a2b5-1ea1fe018160}
		{ee7dbf84-e955-431b-9f19-fe90ead741ed} = {ee7dbf84-e955-431b-9f19-fe90ead741ed}
	EndProjectSection
EndProject
Project("{1816c7e6-7f2d-4028-ae54-a23577f8bf8d}") = "RavlOptimise", "RavlOptimise.vcproj", "{c77c9a5d-2179-42c1-a2db-0a1282919bd3}"
	ProjectSection(ProjectDependencies) = postProject 
		{bf26cad5-20b4-4fa1-a2b5-1ea1fe018160} = {bf26cad5-20b4-4fa1-a2b5-1ea1fe018160}
		{5e1ae0e1-67c3-4e62-a68e-2c71410a0139} = {5e1ae0e1-67c3-4e62-a68e-2c71410a0139}
	EndProjectSection
EndProject
Project("{1816c7e6-7f2d-4028-ae54-a23577f8bf8d}") = "RavlLapack", "RavlLapack.vcproj", "{2deab0a6-1bb4-4446-9968-2555797a959a}"
	ProjectSection(ProjectDependencies) = postProject 
		{5e1ae0e1-67c3-4e62-a68e-2c71410a0139} = {5e1ae0e1-67c3-4e62-a68e-2c71410a0139}
		{559ace55-f8cf-421b-bb47-0b82e4361add} = {559ace55-f8cf-421b-bb47-0b82e4361add}
	EndProjectSection
EndProject
Project("{1816c7e6-7f2d-4028-ae54-a23577f8bf8d}") = "RavlLapackWraps", "RavlLapackWraps.vcproj", "{559ace55-f8cf-421b-bb47-0b82e4361add}"
	ProjectSection(ProjectDependencies) = postProject 
	EndProjectSection
EndProject
Project("{1816c7e6-7f2d-4028-ae54-a23577f8bf8d}") = "RavlMath", "RavlMath.vcproj", "{5e1ae0e1-67c3-4e62-a68e-2c71410a0139}"
	ProjectSection(ProjectDependencies) = postProject 
		{bf26cad5-20b4-4fa1-a2b5-1ea1fe018160} = {bf26cad5-20b4-4fa1-a2b5-1ea1fe018160}
		{22faf9c8-4c6f-4efb-80d4-d1781a0fc5fd} = {22faf9c8-4c6f-4efb-80d4-d1781a0fc5fd}
	EndProjectSection
EndProject
Project("{1816c7e6-7f2d-4028-ae54-a23577f8bf8d}") = "RavlDataServer", "RavlDataServer.vcproj", "{836f3469-5938-490f-8244-cbd1cddf7358}"
	ProjectSection(ProjectDependencies) = postProject 
		{98fb45a0-a26b-41ec-95a7-4bd92e4e4372} = {98fb45a0-a26b-41ec-95a7-4bd92e4e4372}
		{90d1a9be-0f20-4ae2-9cee-103df273d848} = {90d1a9be-0f20-4ae2-9cee-103df273d848}
	EndProjectSection
EndProject
Project("{1816c7e6-7f2d-4028-ae54-a23577f8bf8d}") = "RavlOS", "RavlOS.vcproj", "{97e7b6ef-0bbf-4d94-a97e-3201d3167064}"
	ProjectSection(ProjectDependencies) = postProject 
		{bf26cad5-20b4-4fa1-a2b5-1ea1fe018160} = {bf26cad5-20b4-4fa1-a2b5-1ea1fe018160}
		{6015dbdb-2c21-4fc0-a449-05820f7a7047} = {6015dbdb-2c21-4fc0-a449-05820f7a7047}
	EndProjectSection
EndProject
Project("{1816c7e6-7f2d-4028-ae54-a23577f8bf8d}") = "RavlImage", "RavlImage.vcproj", "{e19faef0-15fe-4188-ac4b-025cb589ff7c}"
	ProjectSection(ProjectDependencies) = postProject 
		{bf26cad5-20b4-4fa1-a2b5-1ea1fe018160} = {bf26cad5-20b4-4fa1-a2b5-1ea1fe018160}
		{6015dbdb-2c21-4fc0-a449-05820f7a7047} = {6015dbdb-2c21-4fc0-a449-05820f7a7047}
		{5e1ae0e1-67c3-4e62-a68e-2c71410a0139} = {5e1ae0e1-67c3-4e62-a68e-2c71410a0139}
	EndProjectSection
EndProject
Project("{1816c7e6-7f2d-4028-ae54-a23577f8bf8d}") = "RavlLogicNLP", "RavlLogicNLP.vcproj", "{2a055f11-51e3-46c2-8e0e-34888a46146b}"
	ProjectSection(ProjectDependencies) = postProject 
		{9619d0b7-75ba-4f47-87a9-d3646e7656e2} = {9619d0b7-75ba-4f47-87a9-d3646e7656e2}
	EndProjectSection
EndProject
Project("{1816c7e6-7f2d-4028-ae54-a23577f8bf8d}") = "RavlPatternRecIO", "RavlPatternRecIO.vcproj", "{4cb6f468-c27b-4543-8de2-0862cf496714}"
	ProjectSection(ProjectDependencies) = postProject 
		{bf26cad5-20b4-4fa1-a2b5-1ea1fe018160} = {bf26cad5-20b4-4fa1-a2b5-1ea1fe018160}
		{6015dbdb-2c21-4fc0-a449-05820f7a7047} = {6015dbdb-2c21-4fc0-a449-05820f7a7047}
		{ee7dbf84-e955-431b-9f19-fe90ead741ed} = {ee7dbf84-e955-431b-9f19-fe90ead741ed}
	EndProjectSection
EndProject
Project("{1816c7e6-7f2d-4028-ae54-a23577f8bf8d}") = "Ravl3D", "Ravl3D.vcproj", "{095965ab-f68f-458d-a209-483ca8751466}"
	ProjectSection(ProjectDependencies) = postProject 
		{5e1ae0e1-67c3-4e62-a68e-2c71410a0139} = {5e1ae0e1-67c3-4e62-a68e-2c71410a0139}
		{e19faef0-15fe-4188-ac4b-025cb589ff7c} = {e19faef0-15fe-4188-ac4b-025cb589ff7c}
		{bf26cad5-20b4-4fa1-a2b5-1ea1fe018160} = {bf26cad5-20b4-4fa1-a2b5-1ea1fe018160}
	EndProjectSection
EndProject
Project("{1816c7e6-7f2d-4028-ae54-a23577f8bf8d}") = "RavlDPDisplay", "RavlDPDisplay.vcproj", "{21dcbe2a-40ae-43d7-96bf-d05c8a1df02b}"
	ProjectSection(ProjectDependencies) = postProject 
		{6015dbdb-2c21-4fc0-a449-05820f7a7047} = {6015dbdb-2c21-4fc0-a449-05820f7a7047}
		{b3f295ba-b353-41ea-8f98-a8469b6a8f66} = {b3f295ba-b353-41ea-8f98-a8469b6a8f66}
		{2f67aead-12fc-4d1a-a592-a26f47481398} = {2f67aead-12fc-4d1a-a592-a26f47481398}
		{fc881fcd-0446-468c-98b8-97aaddaa236e} = {fc881fcd-0446-468c-98b8-97aaddaa236e}
		{e19faef0-15fe-4188-ac4b-025cb589ff7c} = {e19faef0-15fe-4188-ac4b-025cb589ff7c}
	EndProjectSection
EndProject
Project("{1816c7e6-7f2d-4028-ae54-a23577f8bf8d}") = "Ravl3DIO", "Ravl3DIO.vcproj", "{0986327e-7d35-4cde-8af3-38cae60d644f}"
	ProjectSection(ProjectDependencies) = postProject 
		{095965ab-f68f-458d-a209-483ca8751466} = {095965ab-f68f-458d-a209-483ca8751466}
		{6015dbdb-2c21-4fc0-a449-05820f7a7047} = {6015dbdb-2c21-4fc0-a449-05820f7a7047}
		{97e7b6ef-0bbf-4d94-a97e-3201d3167064} = {97e7b6ef-0bbf-4d94-a97e-3201d3167064}
	EndProjectSection
EndProject
Project("{1816c7e6-7f2d-4028-ae54-a23577f8bf8d}") = "RavlGUIUtil", "RavlGUIUtil.vcproj", "{defe965c-7285-404c-b524-5bfd1e0caa94}"
	ProjectSection(ProjectDependencies) = postProject 
		{b3f295ba-b353-41ea-8f98-a8469b6a8f66} = {b3f295ba-b353-41ea-8f98-a8469b6a8f66}
		{bf26cad5-20b4-4fa1-a2b5-1ea1fe018160} = {bf26cad5-20b4-4fa1-a2b5-1ea1fe018160}
		{6015dbdb-2c21-4fc0-a449-05820f7a7047} = {6015dbdb-2c21-4fc0-a449-05820f7a7047}
		{fc881fcd-0446-468c-98b8-97aaddaa236e} = {fc881fcd-0446-468c-98b8-97aaddaa236e}
	EndProjectSection
EndProject
Project("{1816c7e6-7f2d-4028-ae54-a23577f8bf8d}") = "RavlGUI", "RavlGUI.vcproj", "{b3f295ba-b353-41ea-8f98-a8469b6a8f66}"
	ProjectSection(ProjectDependencies) = postProject 
		{bf26cad5-20b4-4fa1-a2b5-1ea1fe018160} = {bf26cad5-20b4-4fa1-a2b5-1ea1fe018160}
		{6015dbdb-2c21-4fc0-a449-05820f7a7047} = {6015dbdb-2c21-4fc0-a449-05820f7a7047}
		{97e7b6ef-0bbf-4d94-a97e-3201d3167064} = {97e7b6ef-0bbf-4d94-a97e-3201d3167064}
		{71d0637b-3054-4c75-a82c-a0bcc23cc0ec} = {71d0637b-3054-4c75-a82c-a0bcc23cc0ec}
		{5f9cff88-5a01-4294-b62c-e073268ec0a7} = {5f9cff88-5a01-4294-b62c-e073268ec0a7}
	EndProjectSection
EndProject
Project("{1816c7e6-7f2d-4028-ae54-a23577f8bf8d}") = "RavlSerialIO", "RavlSerialIO.vcproj", "{57a3793a-f048-4ad5-9258-7d432f8ec433}"
	ProjectSection(ProjectDependencies) = postProject 
		{bf26cad5-20b4-4fa1-a2b5-1ea1fe018160} = {bf26cad5-20b4-4fa1-a2b5-1ea1fe018160}
		{6015dbdb-2c21-4fc0-a449-05820f7a7047} = {6015dbdb-2c21-4fc0-a449-05820f7a7047}
		{97e7b6ef-0bbf-4d94-a97e-3201d3167064} = {97e7b6ef-0bbf-4d94-a97e-3201d3167064}
	EndProjectSection
EndProject
Project("{1816c7e6-7f2d-4028-ae54-a23577f8bf8d}") = "RavlSourceTools", "RavlSourceTools.vcproj", "{bc7c6385-9c58-47d3-b5b3-74fb5ebd7436}"
	ProjectSection(ProjectDependencies) = postProject 
		{bf26cad5-20b4-4fa1-a2b5-1ea1fe018160} = {bf26cad5-20b4-4fa1-a2b5-1ea1fe018160}
		{97e7b6ef-0bbf-4d94-a97e-3201d3167064} = {97e7b6ef-0bbf-4d94-a97e-3201d3167064}
	EndProjectSection
EndProject
Project("{1816c7e6-7f2d-4028-ae54-a23577f8bf8d}") = "RavlChartDetector", "RavlChartDetector.vcproj", "{7d3df09e-55f7-4fd2-a233-b3df683923c6}"
	ProjectSection(ProjectDependencies) = postProject 
		{e19faef0-15fe-4188-ac4b-025cb589ff7c} = {e19faef0-15fe-4188-ac4b-025cb589ff7c}
		{aa4748e4-c788-4eec-ae5a-1adb86a91dc9} = {aa4748e4-c788-4eec-ae5a-1adb86a91dc9}
		{2f67aead-12fc-4d1a-a592-a26f47481398} = {2f67aead-12fc-4d1a-a592-a26f47481398}
		{323e4846-1e68-4d9c-b18e-7897d894ced9} = {323e4846-1e68-4d9c-b18e-7897d894ced9}
	EndProjectSection
EndProject
Project("{1816c7e6-7f2d-4028-ae54-a23577f8bf8d}") = "RavlIO", "RavlIO.vcproj", "{6015dbdb-2c21-4fc0-a449-05820f7a7047}"
	ProjectSection(ProjectDependencies) = postProject 
		{bf26cad5-20b4-4fa1-a2b5-1ea1fe018160} = {bf26cad5-20b4-4fa1-a2b5-1ea1fe018160}
	EndProjectSection
EndProject
Project("{1816c7e6-7f2d-4028-ae54-a23577f8bf8d}") = "RavlImageProc", "RavlImageProc.vcproj", "{aa4748e4-c788-4eec-ae5a-1adb86a91dc9}"
	ProjectSection(ProjectDependencies) = postProject 
		{e19faef0-15fe-4188-ac4b-025cb589ff7c} = {e19faef0-15fe-4188-ac4b-025cb589ff7c}
		{71d0637b-3054-4c75-a82c-a0bcc23cc0ec} = {71d0637b-3054-4c75-a82c-a0bcc23cc0ec}
		{5e1ae0e1-67c3-4e62-a68e-2c71410a0139} = {5e1ae0e1-67c3-4e62-a68e-2c71410a0139}
		{6015dbdb-2c21-4fc0-a449-05820f7a7047} = {6015dbdb-2c21-4fc0-a449-05820f7a7047}
		{97e7b6ef-0bbf-4d94-a97e-3201d3167064} = {97e7b6ef-0bbf-4d94-a97e-3201d3167064}
		{90d1a9be-0f20-4ae2-9cee-103df273d848} = {90d1a9be-0f20-4ae2-9cee-103df273d848}
		{c77c9a5d-2179-42c1-a2db-0a1282919bd3} = {c77c9a5d-2179-42c1-a2db-0a1282919bd3}
		{bf26cad5-20b4-4fa1-a2b5-1ea1fe018160} = {bf26cad5-20b4-4fa1-a2b5-1ea1fe018160}
	EndProjectSection
EndProject
Project("{1816c7e6-7f2d-4028-ae54-a23577f8bf8d}") = "RavlPython", "RavlPython.vcproj", "{ec9a321b-4c86-4aa9-a778-b0458a743e2f}"
	ProjectSection(ProjectDependencies) = postProject 
		{97e7b6ef-0bbf-4d94-a97e-3201d3167064} = {97e7b6ef-0bbf-4d94-a97e-3201d3167064}
		{bf26cad5-20b4-4fa1-a2b5-1ea1fe018160} = {bf26cad5-20b4-4fa1-a2b5-1ea1fe018160}
		{71d0637b-3054-4c75-a82c-a0bcc23cc0ec} = {71d0637b-3054-4c75-a82c-a0bcc23cc0ec}
	EndProjectSection
EndProject
Project("{1816c7e6-7f2d-4028-ae54-a23577f8bf8d}") = "RavlGeneticOptimisation", "RavlGeneticOptimisation.vcproj", "{02cae171-1bbf-4930-9d48-f51ac5d846d5}"
	ProjectSection(ProjectDependencies) = postProject 
		{97e7b6ef-0bbf-4d94-a97e-3201d3167064} = {97e7b6ef-0bbf-4d94-a97e-3201d3167064}
		{6015dbdb-2c21-4fc0-a449-05820f7a7047} = {6015dbdb-2c21-4fc0-a449-05820f7a7047}
		{5f9cff88-5a01-4294-b62c-e073268ec0a7} = {5f9cff88-5a01-4294-b62c-e073268ec0a7}
	EndProjectSection
EndProject
Project("{1816c7e6-7f2d-4028-ae54-a23577f8bf8d}") = "RavlMathIO", "RavlMathIO.vcproj", "{7d348798-78c9-4284-868e-cd2feffef0b9}"
	ProjectSection(ProjectDependencies) = postProject 
		{5e1ae0e1-67c3-4e62-a68e-2c71410a0139} = {5e1ae0e1-67c3-4e62-a68e-2c71410a0139}
		{6015dbdb-2c21-4fc0-a449-05820f7a7047} = {6015dbdb-2c21-4fc0-a449-05820f7a7047}
		{5f9cff88-5a01-4294-b62c-e073268ec0a7} = {5f9cff88-5a01-4294-b62c-e073268ec0a7}
	EndProjectSection
EndProject
Project("{1816c7e6-7f2d-4028-ae54-a23577f8bf8d}") = "RavlLogicAgent", "RavlLogicAgent.vcproj", "{52f19255-f572-4bdf-8919-4f831ab1991d}"
	ProjectSection(ProjectDependencies) = postProject 
		{9619d0b7-75ba-4f47-87a9-d3646e7656e2} = {9619d0b7-75ba-4f47-87a9-d3646e7656e2}
		{5f4f9a8c-d4a5-4e87-8d45-be95dc293a7a} = {5f4f9a8c-d4a5-4e87-8d45-be95dc293a7a}
		{2a055f11-51e3-46c2-8e0e-34888a46146b} = {2a055f11-51e3-46c2-8e0e-34888a46146b}
	EndProjectSection
EndProject
Project("{1816c7e6-7f2d-4028-ae54-a23577f8bf8d}") = "RavlAutoPort2", "RavlAutoPort2.vcproj", "{c82ccac8-27bb-4c1c-ad33-501fd70d6fdc}"
	ProjectSection(ProjectDependencies) = postProject 
		{97e7b6ef-0bbf-4d94-a97e-3201d3167064} = {97e7b6ef-0bbf-4d94-a97e-3201d3167064}
		{bc7c6385-9c58-47d3-b5b3-74fb5ebd7436} = {bc7c6385-9c58-47d3-b5b3-74fb5ebd7436}
		{bf26cad5-20b4-4fa1-a2b5-1ea1fe018160} = {bf26cad5-20b4-4fa1-a2b5-1ea1fe018160}
		{6015dbdb-2c21-4fc0-a449-05820f7a7047} = {6015dbdb-2c21-4fc0-a449-05820f7a7047}
		{5e1ae0e1-67c3-4e62-a68e-2c71410a0139} = {5e1ae0e1-67c3-4e62-a68e-2c71410a0139}
	EndProjectSection
EndProject
Project("{1816c7e6-7f2d-4028-ae54-a23577f8bf8d}") = "RavlCameraCal", "RavlCameraCal.vcproj", "{9b15ad26-e871-4dc6-8484-088bd05c58d0}"
	ProjectSection(ProjectDependencies) = postProject 
		{bf26cad5-20b4-4fa1-a2b5-1ea1fe018160} = {bf26cad5-20b4-4fa1-a2b5-1ea1fe018160}
		{e19faef0-15fe-4188-ac4b-025cb589ff7c} = {e19faef0-15fe-4188-ac4b-025cb589ff7c}
		{5e1ae0e1-67c3-4e62-a68e-2c71410a0139} = {5e1ae0e1-67c3-4e62-a68e-2c71410a0139}
	EndProjectSection
EndProject
Project("{1816c7e6-7f2d-4028-ae54-a23577f8bf8d}") = "RavlAudioUtil", "RavlAudioUtil.vcproj", "{a21546c7-ce25-4491-90dc-81e2e1ae145d}"
	ProjectSection(ProjectDependencies) = postProject 
		{6015dbdb-2c21-4fc0-a449-05820f7a7047} = {6015dbdb-2c21-4fc0-a449-05820f7a7047}
	EndProjectSection
EndProject
Project("{1816c7e6-7f2d-4028-ae54-a23577f8bf8d}") = "RavlRLog", "RavlRLog.vcproj", "{1fa19b50-d03c-4763-bf0e-f417841ff0de}"
	ProjectSection(ProjectDependencies) = postProject 
		{bf26cad5-20b4-4fa1-a2b5-1ea1fe018160} = {bf26cad5-20b4-4fa1-a2b5-1ea1fe018160}
		{97e7b6ef-0bbf-4d94-a97e-3201d3167064} = {97e7b6ef-0bbf-4d94-a97e-3201d3167064}
	EndProjectSection
EndProject
Project("{1816c7e6-7f2d-4028-ae54-a23577f8bf8d}") = "RavlHMM", "RavlHMM.vcproj", "{d1640853-4689-4491-892e-c2f9b95a6bff}"
	ProjectSection(ProjectDependencies) = postProject 
		{bf26cad5-20b4-4fa1-a2b5-1ea1fe018160} = {bf26cad5-20b4-4fa1-a2b5-1ea1fe018160}
	EndProjectSection
EndProject
Project("{1816c7e6-7f2d-4028-ae54-a23577f8bf8d}") = "RavlOSIO", "RavlOSIO.vcproj", "{90d1a9be-0f20-4ae2-9cee-103df273d848}"
	ProjectSection(ProjectDependencies) = postProject 
		{97e7b6ef-0bbf-4d94-a97e-3201d3167064} = {97e7b6ef-0bbf-4d94-a97e-3201d3167064}
		{6015dbdb-2c21-4fc0-a449-05820f7a7047} = {6015dbdb-2c21-4fc0-a449-05820f7a7047}
	EndProjectSection
EndProject
Project("{1816c7e6-7f2d-4028-ae54-a23577f8bf8d}") = "RavlSVM", "RavlSVM.vcproj", "{41e1b9b5-1f38-415f-b863-6da93e015191}"
	ProjectSection(ProjectDependencies) = postProject 
		{bf26cad5-20b4-4fa1-a2b5-1ea1fe018160} = {bf26cad5-20b4-4fa1-a2b5-1ea1fe018160}
		{ee7dbf84-e955-431b-9f19-fe90ead741ed} = {ee7dbf84-e955-431b-9f19-fe90ead741ed}
	EndProjectSection
EndProject
Project("{1816c7e6-7f2d-4028-ae54-a23577f8bf8d}") = "RavlMPEG2", "RavlMPEG2.vcproj", "{d632f0d4-e6ce-46f8-8fe8-86e1384dab12}"
	ProjectSection(ProjectDependencies) = postProject 
		{77701f51-e015-454f-9b1e-73565180d0a2} = {77701f51-e015-454f-9b1e-73565180d0a2}
		{97e7b6ef-0bbf-4d94-a97e-3201d3167064} = {97e7b6ef-0bbf-4d94-a97e-3201d3167064}
	EndProjectSection
EndProject
Project("{1816c7e6-7f2d-4028-ae54-a23577f8bf8d}") = "RavlLogic", "RavlLogic.vcproj", "{9619d0b7-75ba-4f47-87a9-d3646e7656e2}"
	ProjectSection(ProjectDependencies) = postProject 
		{bf26cad5-20b4-4fa1-a2b5-1ea1fe018160} = {bf26cad5-20b4-4fa1-a2b5-1ea1fe018160}
		{ee7dbf84-e955-431b-9f19-fe90ead741ed} = {ee7dbf84-e955-431b-9f19-fe90ead741ed}
	EndProjectSection
EndProject
Project("{1816c7e6-7f2d-4028-ae54-a23577f8bf8d}") = "RavlXMLFactory", "RavlXMLFactory.vcproj", "{5f9cff88-5a01-4294-b62c-e073268ec0a7}"
	ProjectSection(ProjectDependencies) = postProject 
		{bf26cad5-20b4-4fa1-a2b5-1ea1fe018160} = {bf26cad5-20b4-4fa1-a2b5-1ea1fe018160}
		{6015dbdb-2c21-4fc0-a449-05820f7a7047} = {6015dbdb-2c21-4fc0-a449-05820f7a7047}
		{71d0637b-3054-4c75-a82c-a0bcc23cc0ec} = {71d0637b-3054-4c75-a82c-a0bcc23cc0ec}
		{97e7b6ef-0bbf-4d94-a97e-3201d3167064} = {97e7b6ef-0bbf-4d94-a97e-3201d3167064}
	EndProjectSection
EndProject
Project("{1816c7e6-7f2d-4028-ae54-a23577f8bf8d}") = "RavlVideo", "RavlVideo.vcproj", "{eaa4c017-16e1-47ae-92a1-9a72f9aee885}"
	ProjectSection(ProjectDependencies) = postProject 
		{bf26cad5-20b4-4fa1-a2b5-1ea1fe018160} = {bf26cad5-20b4-4fa1-a2b5-1ea1fe018160}
		{e19faef0-15fe-4188-ac4b-025cb589ff7c} = {e19faef0-15fe-4188-ac4b-025cb589ff7c}
	EndProjectSection
EndProject
Project("{1816c7e6-7f2d-4028-ae54-a23577f8bf8d}") = "RavlUUId", "RavlUUId.vcproj", "{d9c0d6de-daac-4153-9799-e4afce1becd2}"
	ProjectSection(ProjectDependencies) = postProject 
		{71d0637b-3054-4c75-a82c-a0bcc23cc0ec} = {71d0637b-3054-4c75-a82c-a0bcc23cc0ec}
	EndProjectSection
EndProject
Project("{1816c7e6-7f2d-4028-ae54-a23577f8bf8d}") = "RavlAV", "RavlAV.vcproj", "{9d81c1a8-a38f-4cc7-be5c-0a234b36ef82}"
	ProjectSection(ProjectDependencies) = postProject 
		{a21546c7-ce25-4491-90dc-81e2e1ae145d} = {a21546c7-ce25-4491-90dc-81e2e1ae145d}
		{2f67aead-12fc-4d1a-a592-a26f47481398} = {2f67aead-12fc-4d1a-a592-a26f47481398}
	EndProjectSection
EndProject
Project("{1816c7e6-7f2d-4028-ae54-a23577f8bf8d}") = "RavlVideoIO", "RavlVideoIO.vcproj", "{77701f51-e015-454f-9b1e-73565180d0a2}"
	ProjectSection(ProjectDependencies) = postProject 
		{2f67aead-12fc-4d1a-a592-a26f47481398} = {2f67aead-12fc-4d1a-a592-a26f47481398}
		{90d1a9be-0f20-4ae2-9cee-103df273d848} = {90d1a9be-0f20-4ae2-9cee-103df273d848}
	EndProjectSection
EndProject
Project("{1816c7e6-7f2d-4028-ae54-a23577f8bf8d}") = "RavlNet", "RavlNet.vcproj", "{98fb45a0-a26b-41ec-95a7-4bd92e4e4372}"
	ProjectSection(ProjectDependencies) = postProject 
		{97e7b6ef-0bbf-4d94-a97e-3201d3167064} = {97e7b6ef-0bbf-4d94-a97e-3201d3167064}
		{bf26cad5-20b4-4fa1-a2b5-1ea1fe018160} = {bf26cad5-20b4-4fa1-a2b5-1ea1fe018160}
		{71d0637b-3054-4c75-a82c-a0bcc23cc0ec} = {71d0637b-3054-4c75-a82c-a0bcc23cc0ec}
		{6015dbdb-2c21-4fc0-a449-05820f7a7047} = {6015dbdb-2c21-4fc0-a449-05820f7a7047}
	EndProjectSection
EndProject
Project("{1816c7e6-7f2d-4028-ae54-a23577f8bf8d}") = "RavlImgIOJasper", "RavlImgIOJasper.vcproj", "{0fb76592-cce0-4d12-90c7-d13b9f769379}"
	ProjectSection(ProjectDependencies) = postProject 
		{e19faef0-15fe-4188-ac4b-025cb589ff7c} = {e19faef0-15fe-4188-ac4b-025cb589ff7c}
		{6015dbdb-2c21-4fc0-a449-05820f7a7047} = {6015dbdb-2c21-4fc0-a449-05820f7a7047}
	EndProjectSection
EndProject
Project("{1816c7e6-7f2d-4028-ae54-a23577f8bf8d}") = "RavlZLib", "RavlZLib.vcproj", "{a3edbc67-8640-4745-a4a3-ed253492e7b0}"
	ProjectSection(ProjectDependencies) = postProject 
		{bf26cad5-20b4-4fa1-a2b5-1ea1fe018160} = {bf26cad5-20b4-4fa1-a2b5-1ea1fe018160}
	EndProjectSection
EndProject
Project("{1816c7e6-7f2d-4028-ae54-a23577f8bf8d}") = "RavlLibGlade", "RavlLibGlade.vcproj", "{30a52a2e-9789-43b1-8884-09fd13aadddf}"
	ProjectSection(ProjectDependencies) = postProject 
		{b3f295ba-b353-41ea-8f98-a8469b6a8f66} = {b3f295ba-b353-41ea-8f98-a8469b6a8f66}
		{5f9cff88-5a01-4294-b62c-e073268ec0a7} = {5f9cff88-5a01-4294-b62c-e073268ec0a7}
	EndProjectSection
EndProject
Project("{1816c7e6-7f2d-4028-ae54-a23577f8bf8d}") = "RavlAAMGUI", "RavlAAMGUI.vcproj", "{62aa5af0-7e21-41b5-b105-108b78421932}"
	ProjectSection(ProjectDependencies) = postProject 
		{64abea67-bede-415f-8a30-c76217f083f6} = {64abea67-bede-415f-8a30-c76217f083f6}
		{fc881fcd-0446-468c-98b8-97aaddaa236e} = {fc881fcd-0446-468c-98b8-97aaddaa236e}
	EndProjectSection
EndProject
Project("{1816c7e6-7f2d-4028-ae54-a23577f8bf8d}") = "RavlThreads", "RavlThreads.vcproj", "{71d0637b-3054-4c75-a82c-a0bcc23cc0ec}"
	ProjectSection(ProjectDependencies) = postProject 
		{bf26cad5-20b4-4fa1-a2b5-1ea1fe018160} = {bf26cad5-20b4-4fa1-a2b5-1ea1fe018160}
		{97e7b6ef-0bbf-4d94-a97e-3201d3167064} = {97e7b6ef-0bbf-4d94-a97e-3201d3167064}
	EndProjectSection
EndProject
Project("{1816c7e6-7f2d-4028-ae54-a23577f8bf8d}") = "RavlDPMT", "RavlDPMT.vcproj", "{5f4f9a8c-d4a5-4e87-8d45-be95dc293a7a}"
	ProjectSection(ProjectDependencies) = postProject 
		{97e7b6ef-0bbf-4d94-a97e-3201d3167064} = {97e7b6ef-0bbf-4d94-a97e-3201d3167064}
		{6015dbdb-2c21-4fc0-a449-05820f7a7047} = {6015dbdb-2c21-4fc0-a449-05820f7a7047}
		{71d0637b-3054-4c75-a82c-a0bcc23cc0ec} = {71d0637b-3054-4c75-a82c-a0bcc23cc0ec}
	EndProjectSection
EndProject
Project("{1816c7e6-7f2d-4028-ae54-a23577f8bf8d}") = "RavlPatternRec", "RavlPatternRec.vcproj", "{ee7dbf84-e955-431b-9f19-fe90ead741ed}"
	ProjectSection(ProjectDependencies) = postProject 
		{bf26cad5-20b4-4fa1-a2b5-1ea1fe018160} = {bf26cad5-20b4-4fa1-a2b5-1ea1fe018160}
		{5e1ae0e1-67c3-4e62-a68e-2c71410a0139} = {5e1ae0e1-67c3-4e62-a68e-2c71410a0139}
		{90d1a9be-0f20-4ae2-9cee-103df273d848} = {90d1a9be-0f20-4ae2-9cee-103df273d848}
		{6015dbdb-2c21-4fc0-a449-05820f7a7047} = {6015dbdb-2c21-4fc0-a449-05820f7a7047}
		{932b2f14-5b1c-4cdf-bcbd-c4f08f1a99e1} = {932b2f14-5b1c-4cdf-bcbd-c4f08f1a99e1}
		{5f9cff88-5a01-4294-b62c-e073268ec0a7} = {5f9cff88-5a01-4294-b62c-e073268ec0a7}
		{7d348798-78c9-4284-868e-cd2feffef0b9} = {7d348798-78c9-4284-868e-cd2feffef0b9}
		{97e7b6ef-0bbf-4d94-a97e-3201d3167064} = {97e7b6ef-0bbf-4d94-a97e-3201d3167064}
	EndProjectSection
EndProject
Project("{1816c7e6-7f2d-4028-ae54-a23577f8bf8d}") = "RavlGeneticProgram", "RavlGeneticProgram.vcproj", "{f6a76c54-514e-4364-9760-b2a0e199cfbe}"
	ProjectSection(ProjectDependencies) = postProject 
		{97e7b6ef-0bbf-4d94-a97e-3201d3167064} = {97e7b6ef-0bbf-4d94-a97e-3201d3167064}
		{02cae171-1bbf-4930-9d48-f51ac5d846d5} = {02cae171-1bbf-4930-9d48-f51ac5d846d5}
	EndProjectSection
EndProject
Project("{1816c7e6-7f2d-4028-ae54-a23577f8bf8d}") = "ArffIO", "ArffIO.vcproj", "{13d65b14-505a-452d-ab01-b7f178ca5727}"
	ProjectSection(ProjectDependencies) = postProject 
		{bf26cad5-20b4-4fa1-a2b5-1ea1fe018160} = {bf26cad5-20b4-4fa1-a2b5-1ea1fe018160}
	EndProjectSection
EndProject
Project("{1816c7e6-7f2d-4028-ae54-a23577f8bf8d}") = "RavlImageXMLFactory", "RavlImageXMLFactory.vcproj", "{70e4365a-35c3-4856-b9e6-dd6a6198aa83}"
	ProjectSection(ProjectDependencies) = postProject 
		{6015dbdb-2c21-4fc0-a449-05820f7a7047} = {6015dbdb-2c21-4fc0-a449-05820f7a7047}
		{5f9cff88-5a01-4294-b62c-e073268ec0a7} = {5f9cff88-5a01-4294-b62c-e073268ec0a7}
		{e19faef0-15fe-4188-ac4b-025cb589ff7c} = {e19faef0-15fe-4188-ac4b-025cb589ff7c}
		{90d1a9be-0f20-4ae2-9cee-103df273d848} = {90d1a9be-0f20-4ae2-9cee-103df273d848}
		{2f67aead-12fc-4d1a-a592-a26f47481398} = {2f67aead-12fc-4d1a-a592-a26f47481398}
	EndProjectSection
EndProject
Global
	GlobalSection(SolutionConfigurationPlatforms) = preSolution
		Debug|Win32 = Debug|Win32
		Release|Win32 = Release|Win32
	EndGlobalSection
	GlobalSection(ProjectConfigurationPlatforms) = postSolution
		{64abea67-bede-415f-8a30-c76217f083f6}.Debug|Win32.ActiveCfg = Debug|Win32
		{64abea67-bede-415f-8a30-c76217f083f6}.Debug|Win32.Build.0 = Debug|Win32
		{64abea67-bede-415f-8a30-c76217f083f6}.Release|Win32.ActiveCfg = Release|Win32
		{64abea67-bede-415f-8a30-c76217f083f6}.Release|Win32.Build.0 = Release|Win32
		{ff642aa4-c2da-4746-a7c2-91f36e714d85}.Debug|Win32.ActiveCfg = Debug|Win32
		{ff642aa4-c2da-4746-a7c2-91f36e714d85}.Debug|Win32.Build.0 = Debug|Win32
		{ff642aa4-c2da-4746-a7c2-91f36e714d85}.Release|Win32.ActiveCfg = Release|Win32
		{ff642aa4-c2da-4746-a7c2-91f36e714d85}.Release|Win32.Build.0 = Release|Win32
		{2f67aead-12fc-4d1a-a592-a26f47481398}.Debug|Win32.ActiveCfg = Debug|Win32
		{2f67aead-12fc-4d1a-a592-a26f47481398}.Debug|Win32.Build.0 = Debug|Win32
		{2f67aead-12fc-4d1a-a592-a26f47481398}.Release|Win32.ActiveCfg = Release|Win32
		{2f67aead-12fc-4d1a-a592-a26f47481398}.Release|Win32.Build.0 = Release|Win32
		{932b2f14-5b1c-4cdf-bcbd-c4f08f1a99e1}.Debug|Win32.ActiveCfg = Debug|Win32
		{932b2f14-5b1c-4cdf-bcbd-c4f08f1a99e1}.Debug|Win32.Build.0 = Debug|Win32
		{932b2f14-5b1c-4cdf-bcbd-c4f08f1a99e1}.Release|Win32.ActiveCfg = Release|Win32
		{932b2f14-5b1c-4cdf-bcbd-c4f08f1a99e1}.Release|Win32.Build.0 = Release|Win32
		{22faf9c8-4c6f-4efb-80d4-d1781a0fc5fd}.Debug|Win32.ActiveCfg = Debug|Win32
		{22faf9c8-4c6f-4efb-80d4-d1781a0fc5fd}.Debug|Win32.Build.0 = Debug|Win32
		{22faf9c8-4c6f-4efb-80d4-d1781a0fc5fd}.Release|Win32.ActiveCfg = Release|Win32
		{22faf9c8-4c6f-4efb-80d4-d1781a0fc5fd}.Release|Win32.Build.0 = Release|Win32
		{355463c4-643c-430e-a597-159877e3d851}.Debug|Win32.ActiveCfg = Debug|Win32
		{355463c4-643c-430e-a597-159877e3d851}.Debug|Win32.Build.0 = Debug|Win32
		{355463c4-643c-430e-a597-159877e3d851}.Release|Win32.ActiveCfg = Release|Win32
		{355463c4-643c-430e-a597-159877e3d851}.Release|Win32.Build.0 = Release|Win32
		{fa2dc1f1-300f-4849-87f5-86562741538f}.Debug|Win32.ActiveCfg = Debug|Win32
		{fa2dc1f1-300f-4849-87f5-86562741538f}.Debug|Win32.Build.0 = Debug|Win32
		{fa2dc1f1-300f-4849-87f5-86562741538f}.Release|Win32.ActiveCfg = Release|Win32
		{fa2dc1f1-300f-4849-87f5-86562741538f}.Release|Win32.Build.0 = Release|Win32
		{9e96091f-6d22-4612-9c53-9292a322749f}.Debug|Win32.ActiveCfg = Debug|Win32
		{9e96091f-6d22-4612-9c53-9292a322749f}.Debug|Win32.Build.0 = Debug|Win32
		{9e96091f-6d22-4612-9c53-9292a322749f}.Release|Win32.ActiveCfg = Release|Win32
		{9e96091f-6d22-4612-9c53-9292a322749f}.Release|Win32.Build.0 = Release|Win32
		{bf26cad5-20b4-4fa1-a2b5-1ea1fe018160}.Debug|Win32.ActiveCfg = Debug|Win32
		{bf26cad5-20b4-4fa1-a2b5-1ea1fe018160}.Debug|Win32.Build.0 = Debug|Win32
		{bf26cad5-20b4-4fa1-a2b5-1ea1fe018160}.Release|Win32.ActiveCfg = Release|Win32
		{bf26cad5-20b4-4fa1-a2b5-1ea1fe018160}.Release|Win32.Build.0 = Release|Win32
		{32387078-f33b-49bd-a318-d6600adc62cc}.Debug|Win32.ActiveCfg = Debug|Win32
		{32387078-f33b-49bd-a318-d6600adc62cc}.Debug|Win32.Build.0 = Debug|Win32
		{32387078-f33b-49bd-a318-d6600adc62cc}.Release|Win32.ActiveCfg = Release|Win32
		{32387078-f33b-49bd-a318-d6600adc62cc}.Release|Win32.Build.0 = Release|Win32
		{fc881fcd-0446-468c-98b8-97aaddaa236e}.Debug|Win32.ActiveCfg = Debug|Win32
		{fc881fcd-0446-468c-98b8-97aaddaa236e}.Debug|Win32.Build.0 = Debug|Win32
		{fc881fcd-0446-468c-98b8-97aaddaa236e}.Release|Win32.ActiveCfg = Release|Win32
		{fc881fcd-0446-468c-98b8-97aaddaa236e}.Release|Win32.Build.0 = Release|Win32
		{323e4846-1e68-4d9c-b18e-7897d894ced9}.Debug|Win32.ActiveCfg = Debug|Win32
		{323e4846-1e68-4d9c-b18e-7897d894ced9}.Debug|Win32.Build.0 = Debug|Win32
		{323e4846-1e68-4d9c-b18e-7897d894ced9}.Release|Win32.ActiveCfg = Release|Win32
		{323e4846-1e68-4d9c-b18e-7897d894ced9}.Release|Win32.Build.0 = Release|Win32
		{ff7ef9d6-2acd-4bb0-b926-110b5afcb34a}.Debug|Win32.ActiveCfg = Debug|Win32
		{ff7ef9d6-2acd-4bb0-b926-110b5afcb34a}.Debug|Win32.Build.0 = Debug|Win32
		{ff7ef9d6-2acd-4bb0-b926-110b5afcb34a}.Release|Win32.ActiveCfg = Release|Win32
		{ff7ef9d6-2acd-4bb0-b926-110b5afcb34a}.Release|Win32.Build.0 = Release|Win32
		{f2f1e2e3-9a10-4e70-991b-ba694d394a44}.Debug|Win32.ActiveCfg = Debug|Win32
		{f2f1e2e3-9a10-4e70-991b-ba694d394a44}.Debug|Win32.Build.0 = Debug|Win32
		{f2f1e2e3-9a10-4e70-991b-ba694d394a44}.Release|Win32.ActiveCfg = Release|Win32
		{f2f1e2e3-9a10-4e70-991b-ba694d394a44}.Release|Win32.Build.0 = Release|Win32
		{9b4d6ae7-d14a-45b4-b03e-85716ac60f08}.Debug|Win32.ActiveCfg = Debug|Win32
		{9b4d6ae7-d14a-45b4-b03e-85716ac60f08}.Debug|Win32.Build.0 = Debug|Win32
		{9b4d6ae7-d14a-45b4-b03e-85716ac60f08}.Release|Win32.ActiveCfg = Release|Win32
		{9b4d6ae7-d14a-45b4-b03e-85716ac60f08}.Release|Win32.Build.0 = Release|Win32
		{c77c9a5d-2179-42c1-a2db-0a1282919bd3}.Debug|Win32.ActiveCfg = Debug|Win32
		{c77c9a5d-2179-42c1-a2db-0a1282919bd3}.Debug|Win32.Build.0 = Debug|Win32
		{c77c9a5d-2179-42c1-a2db-0a1282919bd3}.Release|Win32.ActiveCfg = Release|Win32
		{c77c9a5d-2179-42c1-a2db-0a1282919bd3}.Release|Win32.Build.0 = Release|Win32
		{2deab0a6-1bb4-4446-9968-2555797a959a}.Debug|Win32.ActiveCfg = Debug|Win32
		{2deab0a6-1bb4-4446-9968-2555797a959a}.Debug|Win32.Build.0 = Debug|Win32
		{2deab0a6-1bb4-4446-9968-2555797a959a}.Release|Win32.ActiveCfg = Release|Win32
		{2deab0a6-1bb4-4446-9968-2555797a959a}.Release|Win32.Build.0 = Release|Win32
		{559ace55-f8cf-421b-bb47-0b82e4361add}.Debug|Win32.ActiveCfg = Debug|Win32
		{559ace55-f8cf-421b-bb47-0b82e4361add}.Debug|Win32.Build.0 = Debug|Win32
		{559ace55-f8cf-421b-bb47-0b82e4361add}.Release|Win32.ActiveCfg = Release|Win32
		{559ace55-f8cf-421b-bb47-0b82e4361add}.Release|Win32.Build.0 = Release|Win32
		{5e1ae0e1-67c3-4e62-a68e-2c71410a0139}.Debug|Win32.ActiveCfg = Debug|Win32
		{5e1ae0e1-67c3-4e62-a68e-2c71410a0139}.Debug|Win32.Build.0 = Debug|Win32
		{5e1ae0e1-67c3-4e62-a68e-2c71410a0139}.Release|Win32.ActiveCfg = Release|Win32
		{5e1ae0e1-67c3-4e62-a68e-2c71410a0139}.Release|Win32.Build.0 = Release|Win32
		{836f3469-5938-490f-8244-cbd1cddf7358}.Debug|Win32.ActiveCfg = Debug|Win32
		{836f3469-5938-490f-8244-cbd1cddf7358}.Debug|Win32.Build.0 = Debug|Win32
		{836f3469-5938-490f-8244-cbd1cddf7358}.Release|Win32.ActiveCfg = Release|Win32
		{836f3469-5938-490f-8244-cbd1cddf7358}.Release|Win32.Build.0 = Release|Win32
		{97e7b6ef-0bbf-4d94-a97e-3201d3167064}.Debug|Win32.ActiveCfg = Debug|Win32
		{97e7b6ef-0bbf-4d94-a97e-3201d3167064}.Debug|Win32.Build.0 = Debug|Win32
		{97e7b6ef-0bbf-4d94-a97e-3201d3167064}.Release|Win32.ActiveCfg = Release|Win32
		{97e7b6ef-0bbf-4d94-a97e-3201d3167064}.Release|Win32.Build.0 = Release|Win32
		{e19faef0-15fe-4188-ac4b-025cb589ff7c}.Debug|Win32.ActiveCfg = Debug|Win32
		{e19faef0-15fe-4188-ac4b-025cb589ff7c}.Debug|Win32.Build.0 = Debug|Win32
		{e19faef0-15fe-4188-ac4b-025cb589ff7c}.Release|Win32.ActiveCfg = Release|Win32
		{e19faef0-15fe-4188-ac4b-025cb589ff7c}.Release|Win32.Build.0 = Release|Win32
		{2a055f11-51e3-46c2-8e0e-34888a46146b}.Debug|Win32.ActiveCfg = Debug|Win32
		{2a055f11-51e3-46c2-8e0e-34888a46146b}.Debug|Win32.Build.0 = Debug|Win32
		{2a055f11-51e3-46c2-8e0e-34888a46146b}.Release|Win32.ActiveCfg = Release|Win32
		{2a055f11-51e3-46c2-8e0e-34888a46146b}.Release|Win32.Build.0 = Release|Win32
		{4cb6f468-c27b-4543-8de2-0862cf496714}.Debug|Win32.ActiveCfg = Debug|Win32
		{4cb6f468-c27b-4543-8de2-0862cf496714}.Debug|Win32.Build.0 = Debug|Win32
		{4cb6f468-c27b-4543-8de2-0862cf496714}.Release|Win32.ActiveCfg = Release|Win32
		{4cb6f468-c27b-4543-8de2-0862cf496714}.Release|Win32.Build.0 = Release|Win32
		{095965ab-f68f-458d-a209-483ca8751466}.Debug|Win32.ActiveCfg = Debug|Win32
		{095965ab-f68f-458d-a209-483ca8751466}.Debug|Win32.Build.0 = Debug|Win32
		{095965ab-f68f-458d-a209-483ca8751466}.Release|Win32.ActiveCfg = Release|Win32
		{095965ab-f68f-458d-a209-483ca8751466}.Release|Win32.Build.0 = Release|Win32
		{21dcbe2a-40ae-43d7-96bf-d05c8a1df02b}.Debug|Win32.ActiveCfg = Debug|Win32
		{21dcbe2a-40ae-43d7-96bf-d05c8a1df02b}.Debug|Win32.Build.0 = Debug|Win32
		{21dcbe2a-40ae-43d7-96bf-d05c8a1df02b}.Release|Win32.ActiveCfg = Release|Win32
		{21dcbe2a-40ae-43d7-96bf-d05c8a1df02b}.Release|Win32.Build.0 = Release|Win32
		{0986327e-7d35-4cde-8af3-38cae60d644f}.Debug|Win32.ActiveCfg = Debug|Win32
		{0986327e-7d35-4cde-8af3-38cae60d644f}.Debug|Win32.Build.0 = Debug|Win32
		{0986327e-7d35-4cde-8af3-38cae60d644f}.Release|Win32.ActiveCfg = Release|Win32
		{0986327e-7d35-4cde-8af3-38cae60d644f}.Release|Win32.Build.0 = Release|Win32
		{defe965c-7285-404c-b524-5bfd1e0caa94}.Debug|Win32.ActiveCfg = Debug|Win32
		{defe965c-7285-404c-b524-5bfd1e0caa94}.Debug|Win32.Build.0 = Debug|Win32
		{defe965c-7285-404c-b524-5bfd1e0caa94}.Release|Win32.ActiveCfg = Release|Win32
		{defe965c-7285-404c-b524-5bfd1e0caa94}.Release|Win32.Build.0 = Release|Win32
		{b3f295ba-b353-41ea-8f98-a8469b6a8f66}.Debug|Win32.ActiveCfg = Debug|Win32
		{b3f295ba-b353-41ea-8f98-a8469b6a8f66}.Debug|Win32.Build.0 = Debug|Win32
		{b3f295ba-b353-41ea-8f98-a8469b6a8f66}.Release|Win32.ActiveCfg = Release|Win32
		{b3f295ba-b353-41ea-8f98-a8469b6a8f66}.Release|Win32.Build.0 = Release|Win32
		{57a3793a-f048-4ad5-9258-7d432f8ec433}.Debug|Win32.ActiveCfg = Debug|Win32
		{57a3793a-f048-4ad5-9258-7d432f8ec433}.Debug|Win32.Build.0 = Debug|Win32
		{57a3793a-f048-4ad5-9258-7d432f8ec433}.Release|Win32.ActiveCfg = Release|Win32
		{57a3793a-f048-4ad5-9258-7d432f8ec433}.Release|Win32.Build.0 = Release|Win32
		{bc7c6385-9c58-47d3-b5b3-74fb5ebd7436}.Debug|Win32.ActiveCfg = Debug|Win32
		{bc7c6385-9c58-47d3-b5b3-74fb5ebd7436}.Debug|Win32.Build.0 = Debug|Win32
		{bc7c6385-9c58-47d3-b5b3-74fb5ebd7436}.Release|Win32.ActiveCfg = Release|Win32
		{bc7c6385-9c58-47d3-b5b3-74fb5ebd7436}.Release|Win32.Build.0 = Release|Win32
		{7d3df09e-55f7-4fd2-a233-b3df683923c6}.Debug|Win32.ActiveCfg = Debug|Win32
		{7d3df09e-55f7-4fd2-a233-b3df683923c6}.Debug|Win32.Build.0 = Debug|Win32
		{7d3df09e-55f7-4fd2-a233-b3df683923c6}.Release|Win32.ActiveCfg = Release|Win32
		{7d3df09e-55f7-4fd2-a233-b3df683923c6}.Release|Win32.Build.0 = Release|Win32
		{6015dbdb-2c21-4fc0-a449-05820f7a7047}.Debug|Win32.ActiveCfg = Debug|Win32
		{6015dbdb-2c21-4fc0-a449-05820f7a7047}.Debug|Win32.Build.0 = Debug|Win32
		{6015dbdb-2c21-4fc0-a449-05820f7a7047}.Release|Win32.ActiveCfg = Release|Win32
		{6015dbdb-2c21-4fc0-a449-05820f7a7047}.Release|Win32.Build.0 = Release|Win32
		{aa4748e4-c788-4eec-ae5a-1adb86a91dc9}.Debug|Win32.ActiveCfg = Debug|Win32
		{aa4748e4-c788-4eec-ae5a-1adb86a91dc9}.Debug|Win32.Build.0 = Debug|Win32
		{aa4748e4-c788-4eec-ae5a-1adb86a91dc9}.Release|Win32.ActiveCfg = Release|Win32
		{aa4748e4-c788-4eec-ae5a-1adb86a91dc9}.Release|Win32.Build.0 = Release|Win32
		{ec9a321b-4c86-4aa9-a778-b0458a743e2f}.Debug|Win32.ActiveCfg = Debug|Win32
		{ec9a321b-4c86-4aa9-a778-b0458a743e2f}.Debug|Win32.Build.0 = Debug|Win32
		{ec9a321b-4c86-4aa9-a778-b0458a743e2f}.Release|Win32.ActiveCfg = Release|Win32
		{ec9a321b-4c86-4aa9-a778-b0458a743e2f}.Release|Win32.Build.0 = Release|Win32
		{02cae171-1bbf-4930-9d48-f51ac5d846d5}.Debug|Win32.ActiveCfg = Debug|Win32
		{02cae171-1bbf-4930-9d48-f51ac5d846d5}.Debug|Win32.Build.0 = Debug|Win32
		{02cae171-1bbf-4930-9d48-f51ac5d846d5}.Release|Win32.ActiveCfg = Release|Win32
		{02cae171-1bbf-4930-9d48-f51ac5d846d5}.Release|Win32.Build.0 = Release|Win32
		{7d348798-78c9-4284-868e-cd2feffef0b9}.Debug|Win32.ActiveCfg = Debug|Win32
		{7d348798-78c9-4284-868e-cd2feffef0b9}.Debug|Win32.Build.0 = Debug|Win32
		{7d348798-78c9-4284-868e-cd2feffef0b9}.Release|Win32.ActiveCfg = Release|Win32
		{7d348798-78c9-4284-868e-cd2feffef0b9}.Release|Win32.Build.0 = Release|Win32
		{52f19255-f572-4bdf-8919-4f831ab1991d}.Debug|Win32.ActiveCfg = Debug|Win32
		{52f19255-f572-4bdf-8919-4f831ab1991d}.Debug|Win32.Build.0 = Debug|Win32
		{52f19255-f572-4bdf-8919-4f831ab1991d}.Release|Win32.ActiveCfg = Release|Win32
		{52f19255-f572-4bdf-8919-4f831ab1991d}.Release|Win32.Build.0 = Release|Win32
		{c82ccac8-27bb-4c1c-ad33-501fd70d6fdc}.Debug|Win32.ActiveCfg = Debug|Win32
		{c82ccac8-27bb-4c1c-ad33-501fd70d6fdc}.Debug|Win32.Build.0 = Debug|Win32
		{c82ccac8-27bb-4c1c-ad33-501fd70d6fdc}.Release|Win32.ActiveCfg = Release|Win32
		{c82ccac8-27bb-4c1c-ad33-501fd70d6fdc}.Release|Win32.Build.0 = Release|Win32
		{9b15ad26-e871-4dc6-8484-088bd05c58d0}.Debug|Win32.ActiveCfg = Debug|Win32
		{9b15ad26-e871-4dc6-8484-088bd05c58d0}.Debug|Win32.Build.0 = Debug|Win32
		{9b15ad26-e871-4dc6-8484-088bd05c58d0}.Release|Win32.ActiveCfg = Release|Win32
		{9b15ad26-e871-4dc6-8484-088bd05c58d0}.Release|Win32.Build.0 = Release|Win32
		{a21546c7-ce25-4491-90dc-81e2e1ae145d}.Debug|Win32.ActiveCfg = Debug|Win32
		{a21546c7-ce25-4491-90dc-81e2e1ae145d}.Debug|Win32.Build.0 = Debug|Win32
		{a21546c7-ce25-4491-90dc-81e2e1ae145d}.Release|Win32.ActiveCfg = Release|Win32
		{a21546c7-ce25-4491-90dc-81e2e1ae145d}.Release|Win32.Build.0 = Release|Win32
		{1fa19b50-d03c-4763-bf0e-f417841ff0de}.Debug|Win32.ActiveCfg = Debug|Win32
		{1fa19b50-d03c-4763-bf0e-f417841ff0de}.Debug|Win32.Build.0 = Debug|Win32
		{1fa19b50-d03c-4763-bf0e-f417841ff0de}.Release|Win32.ActiveCfg = Release|Win32
		{1fa19b50-d03c-4763-bf0e-f417841ff0de}.Release|Win32.Build.0 = Release|Win32
		{d1640853-4689-4491-892e-c2f9b95a6bff}.Debug|Win32.ActiveCfg = Debug|Win32
		{d1640853-4689-4491-892e-c2f9b95a6bff}.Debug|Win32.Build.0 = Debug|Win32
		{d1640853-4689-4491-892e-c2f9b95a6bff}.Release|Win32.ActiveCfg = Release|Win32
		{d1640853-4689-4491-892e-c2f9b95a6bff}.Release|Win32.Build.0 = Release|Win32
		{90d1a9be-0f20-4ae2-9cee-103df273d848}.Debug|Win32.ActiveCfg = Debug|Win32
		{90d1a9be-0f20-4ae2-9cee-103df273d848}.Debug|Win32.Build.0 = Debug|Win32
		{90d1a9be-0f20-4ae2-9cee-103df273d848}.Release|Win32.ActiveCfg = Release|Win32
		{90d1a9be-0f20-4ae2-9cee-103df273d848}.Release|Win32.Build.0 = Release|Win32
		{41e1b9b5-1f38-415f-b863-6da93e015191}.Debug|Win32.ActiveCfg = Debug|Win32
		{41e1b9b5-1f38-415f-b863-6da93e015191}.Debug|Win32.Build.0 = Debug|Win32
		{41e1b9b5-1f38-415f-b863-6da93e015191}.Release|Win32.ActiveCfg = Release|Win32
		{41e1b9b5-1f38-415f-b863-6da93e015191}.Release|Win32.Build.0 = Release|Win32
		{d632f0d4-e6ce-46f8-8fe8-86e1384dab12}.Debug|Win32.ActiveCfg = Debug|Win32
		{d632f0d4-e6ce-46f8-8fe8-86e1384dab12}.Debug|Win32.Build.0 = Debug|Win32
		{d632f0d4-e6ce-46f8-8fe8-86e1384dab12}.Release|Win32.ActiveCfg = Release|Win32
		{d632f0d4-e6ce-46f8-8fe8-86e1384dab12}.Release|Win32.Build.0 = Release|Win32
		{9619d0b7-75ba-4f47-87a9-d3646e7656e2}.Debug|Win32.ActiveCfg = Debug|Win32
		{9619d0b7-75ba-4f47-87a9-d3646e7656e2}.Debug|Win32.Build.0 = Debug|Win32
		{9619d0b7-75ba-4f47-87a9-d3646e7656e2}.Release|Win32.ActiveCfg = Release|Win32
		{9619d0b7-75ba-4f47-87a9-d3646e7656e2}.Release|Win32.Build.0 = Release|Win32
		{5f9cff88-5a01-4294-b62c-e073268ec0a7}.Debug|Win32.ActiveCfg = Debug|Win32
		{5f9cff88-5a01-4294-b62c-e073268ec0a7}.Debug|Win32.Build.0 = Debug|Win32
		{5f9cff88-5a01-4294-b62c-e073268ec0a7}.Release|Win32.ActiveCfg = Release|Win32
		{5f9cff88-5a01-4294-b62c-e073268ec0a7}.Release|Win32.Build.0 = Release|Win32
		{eaa4c017-16e1-47ae-92a1-9a72f9aee885}.Debug|Win32.ActiveCfg = Debug|Win32
		{eaa4c017-16e1-47ae-92a1-9a72f9aee885}.Debug|Win32.Build.0 = Debug|Win32
		{eaa4c017-16e1-47ae-92a1-9a72f9aee885}.Release|Win32.ActiveCfg = Release|Win32
		{eaa4c017-16e1-47ae-92a1-9a72f9aee885}.Release|Win32.Build.0 = Release|Win32
		{d9c0d6de-daac-4153-9799-e4afce1becd2}.Debug|Win32.ActiveCfg = Debug|Win32
		{d9c0d6de-daac-4153-9799-e4afce1becd2}.Debug|Win32.Build.0 = Debug|Win32
		{d9c0d6de-daac-4153-9799-e4afce1becd2}.Release|Win32.ActiveCfg = Release|Win32
		{d9c0d6de-daac-4153-9799-e4afce1becd2}.Release|Win32.Build.0 = Release|Win32
		{9d81c1a8-a38f-4cc7-be5c-0a234b36ef82}.Debug|Win32.ActiveCfg = Debug|Win32
		{9d81c1a8-a38f-4cc7-be5c-0a234b36ef82}.Debug|Win32.Build.0 = Debug|Win32
		{9d81c1a8-a38f-4cc7-be5c-0a234b36ef82}.Release|Win32.ActiveCfg = Release|Win32
		{9d81c1a8-a38f-4cc7-be5c-0a234b36ef82}.Release|Win32.Build.0 = Release|Win32
		{77701f51-e015-454f-9b1e-73565180d0a2}.Debug|Win32.ActiveCfg = Debug|Win32
		{77701f51-e015-454f-9b1e-73565180d0a2}.Debug|Win32.Build.0 = Debug|Win32
		{77701f51-e015-454f-9b1e-73565180d0a2}.Release|Win32.ActiveCfg = Release|Win32
		{77701f51-e015-454f-9b1e-73565180d0a2}.Release|Win32.Build.0 = Release|Win32
		{98fb45a0-a26b-41ec-95a7-4bd92e4e4372}.Debug|Win32.ActiveCfg = Debug|Win32
		{98fb45a0-a26b-41ec-95a7-4bd92e4e4372}.Debug|Win32.Build.0 = Debug|Win32
		{98fb45a0-a26b-41ec-95a7-4bd92e4e4372}.Release|Win32.ActiveCfg = Release|Win32
		{98fb45a0-a26b-41ec-95a7-4bd92e4e4372}.Release|Win32.Build.0 = Release|Win32
		{0fb76592-cce0-4d12-90c7-d13b9f769379}.Debug|Win32.ActiveCfg = Debug|Win32
		{0fb76592-cce0-4d12-90c7-d13b9f769379}.Debug|Win32.Build.0 = Debug|Win32
		{0fb76592-cce0-4d12-90c7-d13b9f769379}.Release|Win32.ActiveCfg = Release|Win32
		{0fb76592-cce0-4d12-90c7-d13b9f769379}.Release|Win32.Build.0 = Release|Win32
		{a3edbc67-8640-4745-a4a3-ed253492e7b0}.Debug|Win32.ActiveCfg = Debug|Win32
		{a3edbc67-8640-4745-a4a3-ed253492e7b0}.Debug|Win32.Build.0 = Debug|Win32
		{a3edbc67-8640-4745-a4a3-ed253492e7b0}.Release|Win32.ActiveCfg = Release|Win32
		{a3edbc67-8640-4745-a4a3-ed253492e7b0}.Release|Win32.Build.0 = Release|Win32
		{30a52a2e-9789-43b1-8884-09fd13aadddf}.Debug|Win32.ActiveCfg = Debug|Win32
		{30a52a2e-9789-43b1-8884-09fd13aadddf}.Debug|Win32.Build.0 = Debug|Win32
		{30a52a2e-9789-43b1-8884-09fd13aadddf}.Release|Win32.ActiveCfg = Release|Win32
		{30a52a2e-9789-43b1-8884-09fd13aadddf}.Release|Win32.Build.0 = Release|Win32
		{62aa5af0-7e21-41b5-b105-108b78421932}.Debug|Win32.ActiveCfg = Debug|Win32
		{62aa5af0-7e21-41b5-b105-108b78421932}.Debug|Win32.Build.0 = Debug|Win32
		{62aa5af0-7e21-41b5-b105-108b78421932}.Release|Win32.ActiveCfg = Release|Win32
		{62aa5af0-7e21-41b5-b105-108b78421932}.Release|Win32.Build.0 = Release|Win32
		{71d0637b-3054-4c75-a82c-a0bcc23cc0ec}.Debug|Win32.ActiveCfg = Debug|Win32
		{71d0637b-3054-4c75-a82c-a0bcc23cc0ec}.Debug|Win32.Build.0 = Debug|Win32
		{71d0637b-3054-4c75-a82c-a0bcc23cc0ec}.Release|Win32.ActiveCfg = Release|Win32
		{71d0637b-3054-4c75-a82c-a0bcc23cc0ec}.Release|Win32.Build.0 = Release|Win32
		{5f4f9a8c-d4a5-4e87-8d45-be95dc293a7a}.Debug|Win32.ActiveCfg = Debug|Win32
		{5f4f9a8c-d4a5-4e87-8d45-be95dc293a7a}.Debug|Win32.Build.0 = Debug|Win32
		{5f4f9a8c-d4a5-4e87-8d45-be95dc293a7a}.Release|Win32.ActiveCfg = Release|Win32
		{5f4f9a8c-d4a5-4e87-8d45-be95dc293a7a}.Release|Win32.Build.0 = Release|Win32
		{ee7dbf84-e955-431b-9f19-fe90ead741ed}.Debug|Win32.ActiveCfg = Debug|Win32
		{ee7dbf84-e955-431b-9f19-fe90ead741ed}.Debug|Win32.Build.0 = Debug|Win32
		{ee7dbf84-e955-431b-9f19-fe90ead741ed}.Release|Win32.ActiveCfg = Release|Win32
		{ee7dbf84-e955-431b-9f19-fe90ead741ed}.Release|Win32.Build.0 = Release|Win32
		{f6a76c54-514e-4364-9760-b2a0e199cfbe}.Debug|Win32.ActiveCfg = Debug|Win32
		{f6a76c54-514e-4364-9760-b2a0e199cfbe}.Debug|Win32.Build.0 = Debug|Win32
		{f6a76c54-514e-4364-9760-b2a0e199cfbe}.Release|Win32.ActiveCfg = Release|Win32
		{f6a76c54-514e-4364-9760-b2a0e199cfbe}.Release|Win32.Build.0 = Release|Win32
		{13d65b14-505a-452d-ab01-b7f178ca5727}.Debug|Win32.ActiveCfg = Debug|Win32
		{13d65b14-505a-452d-ab01-b7f178ca5727}.Debug|Win32.Build.0 = Debug|Win32
		{13d65b14-505a-452d-ab01-b7f178ca5727}.Release|Win32.ActiveCfg = Release|Win32
		{13d65b14-505a-452d-ab01-b7f178ca5727}.Release|Win32.Build.0 = Release|Win32
		{70e4365a-35c3-4856-b9e6-dd6a6198aa83}.Debug|Win32.ActiveCfg = Debug|Win32
		{70e4365a-35c3-4856-b9e6-dd6a6198aa83}.Debug|Win32.Build.0 = Debug|Win32
		{70e4365a-35c3-4856-b9e6-dd6a6198aa83}.Release|Win32.ActiveCfg = Release|Win32
		{70e4365a-35c3-4856-b9e6-dd6a6198aa83}.Release|Win32.Build.0 = Release|Win32
       EndGlobalSection
	GlobalSection(SolutionProperties) = preSolution
		HideSolutionNode = FALSE
	EndGlobalSection
EndGlobal
